// !$*UTF8*$!
{
	archiveVersion = 1;
	classes = {
	};
	objectVersion = 46;
	objects = {

/* Begin PBXBuildFile section */
		4318A0461543152C0004540E /* redo.png in Resources */ = {isa = PBXBuildFile; fileRef = 4318A0441543152C0004540E /* redo.png */; };
		4318A0471543152C0004540E /* undo.png in Resources */ = {isa = PBXBuildFile; fileRef = 4318A0451543152C0004540E /* undo.png */; };
		4318A04B154322C00004540E /* ColorGridView.m in Sources */ = {isa = PBXBuildFile; fileRef = 4318A04A154322C00004540E /* ColorGridView.m */; };
		4318A0511543329C0004540E /* APIConnector.m in Sources */ = {isa = PBXBuildFile; fileRef = 4318A0501543329C0004540E /* APIConnector.m */; };
		4318A053154338D50004540E /* missing.png in Resources */ = {isa = PBXBuildFile; fileRef = 4318A052154338D50004540E /* missing.png */; };
		4382791115429010002E0A53 /* UIKit.framework in Frameworks */ = {isa = PBXBuildFile; fileRef = 4382791015429010002E0A53 /* UIKit.framework */; };
		4382791315429010002E0A53 /* Foundation.framework in Frameworks */ = {isa = PBXBuildFile; fileRef = 4382791215429010002E0A53 /* Foundation.framework */; };
		4382791515429010002E0A53 /* CoreGraphics.framework in Frameworks */ = {isa = PBXBuildFile; fileRef = 4382791415429010002E0A53 /* CoreGraphics.framework */; };
		4382791B15429010002E0A53 /* InfoPlist.strings in Resources */ = {isa = PBXBuildFile; fileRef = 4382791915429010002E0A53 /* InfoPlist.strings */; };
		4382791D15429010002E0A53 /* main.m in Sources */ = {isa = PBXBuildFile; fileRef = 4382791C15429010002E0A53 /* main.m */; };
		4382792115429010002E0A53 /* AppDelegate.m in Sources */ = {isa = PBXBuildFile; fileRef = 4382792015429010002E0A53 /* AppDelegate.m */; };
		4382792415429010002E0A53 /* ViewController.m in Sources */ = {isa = PBXBuildFile; fileRef = 4382792315429010002E0A53 /* ViewController.m */; };
		4382792715429010002E0A53 /* ViewController.xib in Resources */ = {isa = PBXBuildFile; fileRef = 4382792515429010002E0A53 /* ViewController.xib */; };
		4382793D154295AB002E0A53 /* PixelEditorViewController.m in Sources */ = {isa = PBXBuildFile; fileRef = 4382793B154295AB002E0A53 /* PixelEditorViewController.m */; };
		4382793E154295AB002E0A53 /* PixelEditorViewController.xib in Resources */ = {isa = PBXBuildFile; fileRef = 4382793C154295AB002E0A53 /* PixelEditorViewController.xib */; };
		43827941154296CA002E0A53 /* PixelCanvasView.m in Sources */ = {isa = PBXBuildFile; fileRef = 43827940154296CA002E0A53 /* PixelCanvasView.m */; };
		43827944154296D7002E0A53 /* PixelDrawing.m in Sources */ = {isa = PBXBuildFile; fileRef = 43827943154296D6002E0A53 /* PixelDrawing.m */; };
		43827947154296E6002E0A53 /* PixelTool.m in Sources */ = {isa = PBXBuildFile; fileRef = 43827946154296E6002E0A53 /* PixelTool.m */; };
		4382794A15429701002E0A53 /* PixelEditOperation.m in Sources */ = {isa = PBXBuildFile; fileRef = 4382794915429701002E0A53 /* PixelEditOperation.m */; };
		4382794C15429CF4002E0A53 /* CGHelpers.m in Sources */ = {isa = PBXBuildFile; fileRef = 4382794B15429CF4002E0A53 /* CGHelpers.m */; };
		43827950154310F7002E0A53 /* PenPixelTool.m in Sources */ = {isa = PBXBuildFile; fileRef = 4382794F154310F7002E0A53 /* PenPixelTool.m */; };
		43827953154312E0002E0A53 /* tool-default.png in Resources */ = {isa = PBXBuildFile; fileRef = 43827952154312E0002E0A53 /* tool-default.png */; };
/* End PBXBuildFile section */

/* Begin PBXFileReference section */
		4318A0441543152C0004540E /* redo.png */ = {isa = PBXFileReference; lastKnownFileType = image.png; path = redo.png; sourceTree = "<group>"; };
		4318A0451543152C0004540E /* undo.png */ = {isa = PBXFileReference; lastKnownFileType = image.png; path = undo.png; sourceTree = "<group>"; };
		4318A049154322C00004540E /* ColorGridView.h */ = {isa = PBXFileReference; fileEncoding = 4; lastKnownFileType = sourcecode.c.h; path = ColorGridView.h; sourceTree = "<group>"; };
		4318A04A154322C00004540E /* ColorGridView.m */ = {isa = PBXFileReference; fileEncoding = 4; lastKnownFileType = sourcecode.c.objc; path = ColorGridView.m; sourceTree = "<group>"; };
		4318A04F1543329C0004540E /* APIConnector.h */ = {isa = PBXFileReference; fileEncoding = 4; lastKnownFileType = sourcecode.c.h; path = APIConnector.h; sourceTree = "<group>"; };
		4318A0501543329C0004540E /* APIConnector.m */ = {isa = PBXFileReference; fileEncoding = 4; lastKnownFileType = sourcecode.c.objc; path = APIConnector.m; sourceTree = "<group>"; };
		4318A052154338D50004540E /* missing.png */ = {isa = PBXFileReference; lastKnownFileType = image.png; path = missing.png; sourceTree = "<group>"; };
		4382790C15429010002E0A53 /* 46px.app */ = {isa = PBXFileReference; explicitFileType = wrapper.application; includeInIndex = 0; path = 46px.app; sourceTree = BUILT_PRODUCTS_DIR; };
		4382791015429010002E0A53 /* UIKit.framework */ = {isa = PBXFileReference; lastKnownFileType = wrapper.framework; name = UIKit.framework; path = System/Library/Frameworks/UIKit.framework; sourceTree = SDKROOT; };
		4382791215429010002E0A53 /* Foundation.framework */ = {isa = PBXFileReference; lastKnownFileType = wrapper.framework; name = Foundation.framework; path = System/Library/Frameworks/Foundation.framework; sourceTree = SDKROOT; };
		4382791415429010002E0A53 /* CoreGraphics.framework */ = {isa = PBXFileReference; lastKnownFileType = wrapper.framework; name = CoreGraphics.framework; path = System/Library/Frameworks/CoreGraphics.framework; sourceTree = SDKROOT; };
		4382791815429010002E0A53 /* 46px-Info.plist */ = {isa = PBXFileReference; lastKnownFileType = text.plist.xml; path = "46px-Info.plist"; sourceTree = "<group>"; };
		4382791A15429010002E0A53 /* en */ = {isa = PBXFileReference; lastKnownFileType = text.plist.strings; name = en; path = en.lproj/InfoPlist.strings; sourceTree = "<group>"; };
		4382791C15429010002E0A53 /* main.m */ = {isa = PBXFileReference; lastKnownFileType = sourcecode.c.objc; path = main.m; sourceTree = "<group>"; };
		4382791E15429010002E0A53 /* 46px-Prefix.pch */ = {isa = PBXFileReference; lastKnownFileType = sourcecode.c.h; path = "46px-Prefix.pch"; sourceTree = "<group>"; };
		4382791F15429010002E0A53 /* AppDelegate.h */ = {isa = PBXFileReference; lastKnownFileType = sourcecode.c.h; path = AppDelegate.h; sourceTree = "<group>"; };
		4382792015429010002E0A53 /* AppDelegate.m */ = {isa = PBXFileReference; lastKnownFileType = sourcecode.c.objc; path = AppDelegate.m; sourceTree = "<group>"; };
		4382792215429010002E0A53 /* ViewController.h */ = {isa = PBXFileReference; lastKnownFileType = sourcecode.c.h; path = ViewController.h; sourceTree = "<group>"; };
		4382792315429010002E0A53 /* ViewController.m */ = {isa = PBXFileReference; lastKnownFileType = sourcecode.c.objc; path = ViewController.m; sourceTree = "<group>"; };
		4382792615429010002E0A53 /* en */ = {isa = PBXFileReference; lastKnownFileType = file.xib; name = en; path = en.lproj/ViewController.xib; sourceTree = "<group>"; };
		4382793A154295AB002E0A53 /* PixelEditorViewController.h */ = {isa = PBXFileReference; fileEncoding = 4; lastKnownFileType = sourcecode.c.h; path = PixelEditorViewController.h; sourceTree = "<group>"; };
		4382793B154295AB002E0A53 /* PixelEditorViewController.m */ = {isa = PBXFileReference; fileEncoding = 4; lastKnownFileType = sourcecode.c.objc; path = PixelEditorViewController.m; sourceTree = "<group>"; };
		4382793C154295AB002E0A53 /* PixelEditorViewController.xib */ = {isa = PBXFileReference; fileEncoding = 4; lastKnownFileType = file.xib; path = PixelEditorViewController.xib; sourceTree = "<group>"; };
		4382793F154296CA002E0A53 /* PixelCanvasView.h */ = {isa = PBXFileReference; fileEncoding = 4; lastKnownFileType = sourcecode.c.h; path = PixelCanvasView.h; sourceTree = "<group>"; };
		43827940154296CA002E0A53 /* PixelCanvasView.m */ = {isa = PBXFileReference; fileEncoding = 4; lastKnownFileType = sourcecode.c.objc; path = PixelCanvasView.m; sourceTree = "<group>"; };
		43827942154296D6002E0A53 /* PixelDrawing.h */ = {isa = PBXFileReference; fileEncoding = 4; lastKnownFileType = sourcecode.c.h; path = PixelDrawing.h; sourceTree = "<group>"; };
		43827943154296D6002E0A53 /* PixelDrawing.m */ = {isa = PBXFileReference; fileEncoding = 4; lastKnownFileType = sourcecode.c.objc; path = PixelDrawing.m; sourceTree = "<group>"; };
		43827945154296E6002E0A53 /* PixelTool.h */ = {isa = PBXFileReference; fileEncoding = 4; lastKnownFileType = sourcecode.c.h; path = PixelTool.h; sourceTree = "<group>"; };
		43827946154296E6002E0A53 /* PixelTool.m */ = {isa = PBXFileReference; fileEncoding = 4; lastKnownFileType = sourcecode.c.objc; path = PixelTool.m; sourceTree = "<group>"; };
		4382794815429701002E0A53 /* PixelEditOperation.h */ = {isa = PBXFileReference; fileEncoding = 4; lastKnownFileType = sourcecode.c.h; path = PixelEditOperation.h; sourceTree = "<group>"; };
		4382794915429701002E0A53 /* PixelEditOperation.m */ = {isa = PBXFileReference; fileEncoding = 4; lastKnownFileType = sourcecode.c.objc; path = PixelEditOperation.m; sourceTree = "<group>"; };
		4382794B15429CF4002E0A53 /* CGHelpers.m */ = {isa = PBXFileReference; fileEncoding = 4; lastKnownFileType = sourcecode.c.objc; path = CGHelpers.m; sourceTree = "<group>"; };
		4382794D15429CFC002E0A53 /* CGHelpers.h */ = {isa = PBXFileReference; lastKnownFileType = sourcecode.c.h; path = CGHelpers.h; sourceTree = "<group>"; };
		4382794E154310F7002E0A53 /* PenPixelTool.h */ = {isa = PBXFileReference; fileEncoding = 4; lastKnownFileType = sourcecode.c.h; path = PenPixelTool.h; sourceTree = "<group>"; };
		4382794F154310F7002E0A53 /* PenPixelTool.m */ = {isa = PBXFileReference; fileEncoding = 4; lastKnownFileType = sourcecode.c.objc; path = PenPixelTool.m; sourceTree = "<group>"; };
		43827952154312E0002E0A53 /* tool-default.png */ = {isa = PBXFileReference; lastKnownFileType = image.png; path = "tool-default.png"; sourceTree = "<group>"; };
/* End PBXFileReference section */

/* Begin PBXFrameworksBuildPhase section */
		4382790915429010002E0A53 /* Frameworks */ = {
			isa = PBXFrameworksBuildPhase;
			buildActionMask = 2147483647;
			files = (
				4382791115429010002E0A53 /* UIKit.framework in Frameworks */,
				4382791315429010002E0A53 /* Foundation.framework in Frameworks */,
				4382791515429010002E0A53 /* CoreGraphics.framework in Frameworks */,
			);
			runOnlyForDeploymentPostprocessing = 0;
		};
/* End PBXFrameworksBuildPhase section */

/* Begin PBXGroup section */
		4382790115429010002E0A53 = {
			isa = PBXGroup;
			children = (
				4382791615429010002E0A53 /* 46px */,
				4382790F15429010002E0A53 /* Frameworks */,
				4382790D15429010002E0A53 /* Products */,
			);
			sourceTree = "<group>";
		};
		4382790D15429010002E0A53 /* Products */ = {
			isa = PBXGroup;
			children = (
				4382790C15429010002E0A53 /* 46px.app */,
			);
			name = Products;
			sourceTree = "<group>";
		};
		4382790F15429010002E0A53 /* Frameworks */ = {
			isa = PBXGroup;
			children = (
				4382791015429010002E0A53 /* UIKit.framework */,
				4382791215429010002E0A53 /* Foundation.framework */,
				4382791415429010002E0A53 /* CoreGraphics.framework */,
			);
			name = Frameworks;
			sourceTree = "<group>";
		};
		4382791615429010002E0A53 /* 46px */ = {
			isa = PBXGroup;
			children = (
				4382791F15429010002E0A53 /* AppDelegate.h */,
				4382792015429010002E0A53 /* AppDelegate.m */,
				4318A04F1543329C0004540E /* APIConnector.h */,
				4318A0501543329C0004540E /* APIConnector.m */,
				4382792215429010002E0A53 /* ViewController.h */,
				4382792315429010002E0A53 /* ViewController.m */,
				4382792515429010002E0A53 /* ViewController.xib */,
				4382793A154295AB002E0A53 /* PixelEditorViewController.h */,
				4382793B154295AB002E0A53 /* PixelEditorViewController.m */,
				4382793C154295AB002E0A53 /* PixelEditorViewController.xib */,
				4382793F154296CA002E0A53 /* PixelCanvasView.h */,
				43827940154296CA002E0A53 /* PixelCanvasView.m */,
				43827942154296D6002E0A53 /* PixelDrawing.h */,
				43827943154296D6002E0A53 /* PixelDrawing.m */,
				4318A049154322C00004540E /* ColorGridView.h */,
				4318A04A154322C00004540E /* ColorGridView.m */,
				4382794D15429CFC002E0A53 /* CGHelpers.h */,
				4382794B15429CF4002E0A53 /* CGHelpers.m */,
				43827945154296E6002E0A53 /* PixelTool.h */,
				43827946154296E6002E0A53 /* PixelTool.m */,
				4382794E154310F7002E0A53 /* PenPixelTool.h */,
				4382794F154310F7002E0A53 /* PenPixelTool.m */,
				4382794815429701002E0A53 /* PixelEditOperation.h */,
				4382794915429701002E0A53 /* PixelEditOperation.m */,
				43827951154312E0002E0A53 /* Resources */,
				4382791715429010002E0A53 /* Supporting Files */,
			);
			path = 46px;
			sourceTree = "<group>";
		};
		4382791715429010002E0A53 /* Supporting Files */ = {
			isa = PBXGroup;
			children = (
				4382791815429010002E0A53 /* 46px-Info.plist */,
				4382791915429010002E0A53 /* InfoPlist.strings */,
				4382791C15429010002E0A53 /* main.m */,
				4382791E15429010002E0A53 /* 46px-Prefix.pch */,
			);
			name = "Supporting Files";
			sourceTree = "<group>";
		};
		43827951154312E0002E0A53 /* Resources */ = {
			isa = PBXGroup;
			children = (
				4318A0441543152C0004540E /* redo.png */,
				4318A0451543152C0004540E /* undo.png */,
				43827952154312E0002E0A53 /* tool-default.png */,
				4318A052154338D50004540E /* missing.png */,
			);
			path = Resources;
			sourceTree = "<group>";
		};
/* End PBXGroup section */

/* Begin PBXNativeTarget section */
		4382790B15429010002E0A53 /* 46px */ = {
			isa = PBXNativeTarget;
			buildConfigurationList = 4382792A15429010002E0A53 /* Build configuration list for PBXNativeTarget "46px" */;
			buildPhases = (
				4382790815429010002E0A53 /* Sources */,
				4382790915429010002E0A53 /* Frameworks */,
				4382790A15429010002E0A53 /* Resources */,
			);
			buildRules = (
			);
			dependencies = (
			);
			name = 46px;
			productName = 46px;
			productReference = 4382790C15429010002E0A53 /* 46px.app */;
			productType = "com.apple.product-type.application";
		};
/* End PBXNativeTarget section */

/* Begin PBXProject section */
		4382790315429010002E0A53 /* Project object */ = {
			isa = PBXProject;
			attributes = {
				LastUpgradeCheck = 0430;
			};
			buildConfigurationList = 4382790615429010002E0A53 /* Build configuration list for PBXProject "46px" */;
			compatibilityVersion = "Xcode 3.2";
			developmentRegion = English;
			hasScannedForEncodings = 0;
			knownRegions = (
				en,
			);
			mainGroup = 4382790115429010002E0A53;
			productRefGroup = 4382790D15429010002E0A53 /* Products */;
			projectDirPath = "";
			projectRoot = "";
			targets = (
				4382790B15429010002E0A53 /* 46px */,
			);
		};
/* End PBXProject section */

/* Begin PBXResourcesBuildPhase section */
		4382790A15429010002E0A53 /* Resources */ = {
			isa = PBXResourcesBuildPhase;
			buildActionMask = 2147483647;
			files = (
				4382791B15429010002E0A53 /* InfoPlist.strings in Resources */,
				4382792715429010002E0A53 /* ViewController.xib in Resources */,
				4382793E154295AB002E0A53 /* PixelEditorViewController.xib in Resources */,
				43827953154312E0002E0A53 /* tool-default.png in Resources */,
				4318A0461543152C0004540E /* redo.png in Resources */,
				4318A0471543152C0004540E /* undo.png in Resources */,
				4318A053154338D50004540E /* missing.png in Resources */,
			);
			runOnlyForDeploymentPostprocessing = 0;
		};
/* End PBXResourcesBuildPhase section */

/* Begin PBXSourcesBuildPhase section */
		4382790815429010002E0A53 /* Sources */ = {
			isa = PBXSourcesBuildPhase;
			buildActionMask = 2147483647;
			files = (
				4382791D15429010002E0A53 /* main.m in Sources */,
				4382792115429010002E0A53 /* AppDelegate.m in Sources */,
				4382792415429010002E0A53 /* ViewController.m in Sources */,
				4382793D154295AB002E0A53 /* PixelEditorViewController.m in Sources */,
				43827941154296CA002E0A53 /* PixelCanvasView.m in Sources */,
				43827944154296D7002E0A53 /* PixelDrawing.m in Sources */,
				43827947154296E6002E0A53 /* PixelTool.m in Sources */,
				4382794A15429701002E0A53 /* PixelEditOperation.m in Sources */,
				4382794C15429CF4002E0A53 /* CGHelpers.m in Sources */,
				43827950154310F7002E0A53 /* PenPixelTool.m in Sources */,
				4318A04B154322C00004540E /* ColorGridView.m in Sources */,
				4318A0511543329C0004540E /* APIConnector.m in Sources */,
			);
			runOnlyForDeploymentPostprocessing = 0;
		};
/* End PBXSourcesBuildPhase section */

/* Begin PBXVariantGroup section */
		4382791915429010002E0A53 /* InfoPlist.strings */ = {
			isa = PBXVariantGroup;
			children = (
				4382791A15429010002E0A53 /* en */,
			);
			name = InfoPlist.strings;
			sourceTree = "<group>";
		};
		4382792515429010002E0A53 /* ViewController.xib */ = {
			isa = PBXVariantGroup;
			children = (
				4382792615429010002E0A53 /* en */,
			);
			name = ViewController.xib;
			sourceTree = "<group>";
		};
/* End PBXVariantGroup section */

/* Begin XCBuildConfiguration section */
		4382792815429010002E0A53 /* Debug */ = {
			isa = XCBuildConfiguration;
			buildSettings = {
				ALWAYS_SEARCH_USER_PATHS = NO;
				ARCHS = "$(ARCHS_STANDARD_32_BIT)";
				"CODE_SIGN_IDENTITY[sdk=iphoneos*]" = "iPhone Developer";
				COPY_PHASE_STRIP = NO;
				GCC_C_LANGUAGE_STANDARD = gnu99;
				GCC_DYNAMIC_NO_PIC = NO;
				GCC_OPTIMIZATION_LEVEL = 0;
				GCC_PREPROCESSOR_DEFINITIONS = (
					"DEBUG=1",
					"$(inherited)",
				);
				GCC_SYMBOLS_PRIVATE_EXTERN = NO;
				GCC_VERSION = com.apple.compilers.llvm.clang.1_0;
				GCC_WARN_ABOUT_RETURN_TYPE = YES;
				GCC_WARN_UNINITIALIZED_AUTOS = YES;
				GCC_WARN_UNUSED_VARIABLE = YES;
				IPHONEOS_DEPLOYMENT_TARGET = 5.1;
				SDKROOT = iphoneos;
				TARGETED_DEVICE_FAMILY = 2;
			};
			name = Debug;
		};
		4382792915429010002E0A53 /* Release */ = {
			isa = XCBuildConfiguration;
			buildSettings = {
				ALWAYS_SEARCH_USER_PATHS = NO;
				ARCHS = "$(ARCHS_STANDARD_32_BIT)";
				"CODE_SIGN_IDENTITY[sdk=iphoneos*]" = "iPhone Developer";
				COPY_PHASE_STRIP = YES;
				GCC_C_LANGUAGE_STANDARD = gnu99;
				GCC_VERSION = com.apple.compilers.llvm.clang.1_0;
				GCC_WARN_ABOUT_RETURN_TYPE = YES;
				GCC_WARN_UNINITIALIZED_AUTOS = YES;
				GCC_WARN_UNUSED_VARIABLE = YES;
				IPHONEOS_DEPLOYMENT_TARGET = 5.1;
				OTHER_CFLAGS = "-DNS_BLOCK_ASSERTIONS=1";
				SDKROOT = iphoneos;
				TARGETED_DEVICE_FAMILY = 2;
				VALIDATE_PRODUCT = YES;
			};
			name = Release;
		};
		4382792B15429010002E0A53 /* Debug */ = {
			isa = XCBuildConfiguration;
			buildSettings = {
				GCC_PRECOMPILE_PREFIX_HEADER = YES;
				GCC_PREFIX_HEADER = "46px/46px-Prefix.pch";
				INFOPLIST_FILE = "46px/46px-Info.plist";
				PRODUCT_NAME = "$(TARGET_NAME)";
				WRAPPER_EXTENSION = app;
			};
			name = Debug;
		};
		4382792C15429010002E0A53 /* Release */ = {
			isa = XCBuildConfiguration;
			buildSettings = {
				GCC_PRECOMPILE_PREFIX_HEADER = YES;
				GCC_PREFIX_HEADER = "46px/46px-Prefix.pch";
				INFOPLIST_FILE = "46px/46px-Info.plist";
				PRODUCT_NAME = "$(TARGET_NAME)";
				WRAPPER_EXTENSION = app;
			};
			name = Release;
		};
/* End XCBuildConfiguration section */

/* Begin XCConfigurationList section */
		4382790615429010002E0A53 /* Build configuration list for PBXProject "46px" */ = {
			isa = XCConfigurationList;
			buildConfigurations = (
				4382792815429010002E0A53 /* Debug */,
				4382792915429010002E0A53 /* Release */,
			);
			defaultConfigurationIsVisible = 0;
			defaultConfigurationName = Release;
		};
		4382792A15429010002E0A53 /* Build configuration list for PBXNativeTarget "46px" */ = {
			isa = XCConfigurationList;
			buildConfigurations = (
				4382792B15429010002E0A53 /* Debug */,
				4382792C15429010002E0A53 /* Release */,
			);
			defaultConfigurationIsVisible = 0;
			defaultConfigurationName = Release;
		};
/* End XCConfigurationList section */
	};
	rootObject = 4382790315429010002E0A53 /* Project object */;
}
