// !$*UTF8*$!
{
	archiveVersion = 1;
	classes = {
	};
	objectVersion = 46;
	objects = {

/* Begin PBXBuildFile section */
		4382791115429010002E0A53 /* UIKit.framework in Frameworks */ = {isa = PBXBuildFile; fileRef = 4382791015429010002E0A53 /* UIKit.framework */; };
		4382791315429010002E0A53 /* Foundation.framework in Frameworks */ = {isa = PBXBuildFile; fileRef = 4382791215429010002E0A53 /* Foundation.framework */; };
		4382791515429010002E0A53 /* CoreGraphics.framework in Frameworks */ = {isa = PBXBuildFile; fileRef = 4382791415429010002E0A53 /* CoreGraphics.framework */; };
		4382791B15429010002E0A53 /* InfoPlist.strings in Resources */ = {isa = PBXBuildFile; fileRef = 4382791915429010002E0A53 /* InfoPlist.strings */; };
		4382791D15429010002E0A53 /* main.m in Sources */ = {isa = PBXBuildFile; fileRef = 4382791C15429010002E0A53 /* main.m */; };
		4382792115429010002E0A53 /* AppDelegate.m in Sources */ = {isa = PBXBuildFile; fileRef = 4382792015429010002E0A53 /* AppDelegate.m */; };
		4382792415429010002E0A53 /* ViewController.m in Sources */ = {isa = PBXBuildFile; fileRef = 4382792315429010002E0A53 /* ViewController.m */; };
		4382792715429010002E0A53 /* ViewController.xib in Resources */ = {isa = PBXBuildFile; fileRef = 4382792515429010002E0A53 /* ViewController.xib */; };
/* End PBXBuildFile section */

/* Begin PBXFileReference section */
		4382790C15429010002E0A53 /* 46px.app */ = {isa = PBXFileReference; explicitFileType = wrapper.application; includeInIndex = 0; path = 46px.app; sourceTree = BUILT_PRODUCTS_DIR; };
		4382791015429010002E0A53 /* UIKit.framework */ = {isa = PBXFileReference; lastKnownFileType = wrapper.framework; name = UIKit.framework; path = System/Library/Frameworks/UIKit.framework; sourceTree = SDKROOT; };
		4382791215429010002E0A53 /* Foundation.framework */ = {isa = PBXFileReference; lastKnownFileType = wrapper.framework; name = Foundation.framework; path = System/Library/Frameworks/Foundation.framework; sourceTree = SDKROOT; };
		4382791415429010002E0A53 /* CoreGraphics.framework */ = {isa = PBXFileReference; lastKnownFileType = wrapper.framework; name = CoreGraphics.framework; path = System/Library/Frameworks/CoreGraphics.framework; sourceTree = SDKROOT; };
		4382791815429010002E0A53 /* 46px-Info.plist */ = {isa = PBXFileReference; lastKnownFileType = text.plist.xml; path = "46px-Info.plist"; sourceTree = "<group>"; };
		4382791A15429010002E0A53 /* en */ = {isa = PBXFileReference; lastKnownFileType = text.plist.strings; name = en; path = en.lproj/InfoPlist.strings; sourceTree = "<group>"; };
		4382791C15429010002E0A53 /* main.m */ = {isa = PBXFileReference; lastKnownFileType = sourcecode.c.objc; path = main.m; sourceTree = "<group>"; };
		4382791E15429010002E0A53 /* 46px-Prefix.pch */ = {isa = PBXFileReference; lastKnownFileType = sourcecode.c.h; path = "46px-Prefix.pch"; sourceTree = "<group>"; };
		4382791F15429010002E0A53 /* AppDelegate.h */ = {isa = PBXFileReference; lastKnownFileType = sourcecode.c.h; path = AppDelegate.h; sourceTree = "<group>"; };
		4382792015429010002E0A53 /* AppDelegate.m */ = {isa = PBXFileReference; lastKnownFileType = sourcecode.c.objc; path = AppDelegate.m; sourceTree = "<group>"; };
		4382792215429010002E0A53 /* ViewController.h */ = {isa = PBXFileReference; lastKnownFileType = sourcecode.c.h; path = ViewController.h; sourceTree = "<group>"; };
		4382792315429010002E0A53 /* ViewController.m */ = {isa = PBXFileReference; lastKnownFileType = sourcecode.c.objc; path = ViewController.m; sourceTree = "<group>"; };
		4382792615429010002E0A53 /* en */ = {isa = PBXFileReference; lastKnownFileType = file.xib; name = en; path = en.lproj/ViewController.xib; sourceTree = "<group>"; };
/* End PBXFileReference section */

/* Begin PBXFrameworksBuildPhase section */
		4382790915429010002E0A53 /* Frameworks */ = {
			isa = PBXFrameworksBuildPhase;
			buildActionMask = 2147483647;
			files = (
				4382791115429010002E0A53 /* UIKit.framework in Frameworks */,
				4382791315429010002E0A53 /* Foundation.framework in Frameworks */,
				4382791515429010002E0A53 /* CoreGraphics.framework in Frameworks */,
			);
			runOnlyForDeploymentPostprocessing = 0;
		};
/* End PBXFrameworksBuildPhase section */

/* Begin PBXGroup section */
		4382790115429010002E0A53 = {
			isa = PBXGroup;
			children = (
				4382791615429010002E0A53 /* 46px */,
				4382790F15429010002E0A53 /* Frameworks */,
				4382790D15429010002E0A53 /* Products */,
			);
			sourceTree = "<group>";
		};
		4382790D15429010002E0A53 /* Products */ = {
			isa = PBXGroup;
			children = (
				4382790C15429010002E0A53 /* 46px.app */,
			);
			name = Products;
			sourceTree = "<group>";
		};
		4382790F15429010002E0A53 /* Frameworks */ = {
			isa = PBXGroup;
			children = (
				4382791015429010002E0A53 /* UIKit.framework */,
				4382791215429010002E0A53 /* Foundation.framework */,
				4382791415429010002E0A53 /* CoreGraphics.framework */,
			);
			name = Frameworks;
			sourceTree = "<group>";
		};
		4382791615429010002E0A53 /* 46px */ = {
			isa = PBXGroup;
			children = (
				4382791F15429010002E0A53 /* AppDelegate.h */,
				4382792015429010002E0A53 /* AppDelegate.m */,
				4382792215429010002E0A53 /* ViewController.h */,
				4382792315429010002E0A53 /* ViewController.m */,
				4382792515429010002E0A53 /* ViewController.xib */,
				4382791715429010002E0A53 /* Supporting Files */,
			);
			path = 46px;
			sourceTree = "<group>";
		};
		4382791715429010002E0A53 /* Supporting Files */ = {
			isa = PBXGroup;
			children = (
				4382791815429010002E0A53 /* 46px-Info.plist */,
				4382791915429010002E0A53 /* InfoPlist.strings */,
				4382791C15429010002E0A53 /* main.m */,
				4382791E15429010002E0A53 /* 46px-Prefix.pch */,
			);
			name = "Supporting Files";
			sourceTree = "<group>";
		};
/* End PBXGroup section */

/* Begin PBXNativeTarget section */
		4382790B15429010002E0A53 /* 46px */ = {
			isa = PBXNativeTarget;
			buildConfigurationList = 4382792A15429010002E0A53 /* Build configuration list for PBXNativeTarget "46px" */;
			buildPhases = (
				4382790815429010002E0A53 /* Sources */,
				4382790915429010002E0A53 /* Frameworks */,
				4382790A15429010002E0A53 /* Resources */,
			);
			buildRules = (
			);
			dependencies = (
			);
			name = 46px;
			productName = 46px;
			productReference = 4382790C15429010002E0A53 /* 46px.app */;
			productType = "com.apple.product-type.application";
		};
/* End PBXNativeTarget section */

/* Begin PBXProject section */
		4382790315429010002E0A53 /* Project object */ = {
			isa = PBXProject;
			attributes = {
				LastUpgradeCheck = 0430;
			};
			buildConfigurationList = 4382790615429010002E0A53 /* Build configuration list for PBXProject "46px" */;
			compatibilityVersion = "Xcode 3.2";
			developmentRegion = English;
			hasScannedForEncodings = 0;
			knownRegions = (
				en,
			);
			mainGroup = 4382790115429010002E0A53;
			productRefGroup = 4382790D15429010002E0A53 /* Products */;
			projectDirPath = "";
			projectRoot = "";
			targets = (
				4382790B15429010002E0A53 /* 46px */,
			);
		};
/* End PBXProject section */

/* Begin PBXResourcesBuildPhase section */
		4382790A15429010002E0A53 /* Resources */ = {
			isa = PBXResourcesBuildPhase;
			buildActionMask = 2147483647;
			files = (
				4382791B15429010002E0A53 /* InfoPlist.strings in Resources */,
				4382792715429010002E0A53 /* ViewController.xib in Resources */,
			);
			runOnlyForDeploymentPostprocessing = 0;
		};
/* End PBXResourcesBuildPhase section */

/* Begin PBXSourcesBuildPhase section */
		4382790815429010002E0A53 /* Sources */ = {
			isa = PBXSourcesBuildPhase;
			buildActionMask = 2147483647;
			files = (
				4382791D15429010002E0A53 /* main.m in Sources */,
				4382792115429010002E0A53 /* AppDelegate.m in Sources */,
				4382792415429010002E0A53 /* ViewController.m in Sources */,
			);
			runOnlyForDeploymentPostprocessing = 0;
		};
/* End PBXSourcesBuildPhase section */

/* Begin PBXVariantGroup section */
		4382791915429010002E0A53 /* InfoPlist.strings */ = {
			isa = PBXVariantGroup;
			children = (
				4382791A15429010002E0A53 /* en */,
			);
			name = InfoPlist.strings;
			sourceTree = "<group>";
		};
		4382792515429010002E0A53 /* ViewController.xib */ = {
			isa = PBXVariantGroup;
			children = (
				4382792615429010002E0A53 /* en */,
			);
			name = ViewController.xib;
			sourceTree = "<group>";
		};
/* End PBXVariantGroup section */

/* Begin XCBuildConfiguration section */
		4382792815429010002E0A53 /* Debug */ = {
			isa = XCBuildConfiguration;
			buildSettings = {
				ALWAYS_SEARCH_USER_PATHS = NO;
				ARCHS = "$(ARCHS_STANDARD_32_BIT)";
				"CODE_SIGN_IDENTITY[sdk=iphoneos*]" = "iPhone Developer";
				COPY_PHASE_STRIP = NO;
				GCC_C_LANGUAGE_STANDARD = gnu99;
				GCC_DYNAMIC_NO_PIC = NO;
				GCC_OPTIMIZATION_LEVEL = 0;
				GCC_PREPROCESSOR_DEFINITIONS = (
					"DEBUG=1",
					"$(inherited)",
				);
				GCC_SYMBOLS_PRIVATE_EXTERN = NO;
				GCC_VERSION = com.apple.compilers.llvm.clang.1_0;
				GCC_WARN_ABOUT_RETURN_TYPE = YES;
				GCC_WARN_UNINITIALIZED_AUTOS = YES;
				GCC_WARN_UNUSED_VARIABLE = YES;
				IPHONEOS_DEPLOYMENT_TARGET = 5.1;
				SDKROOT = iphoneos;
				TARGETED_DEVICE_FAMILY = 2;
			};
			name = Debug;
		};
		4382792915429010002E0A53 /* Release */ = {
			isa = XCBuildConfiguration;
			buildSettings = {
				ALWAYS_SEARCH_USER_PATHS = NO;
				ARCHS = "$(ARCHS_STANDARD_32_BIT)";
				"CODE_SIGN_IDENTITY[sdk=iphoneos*]" = "iPhone Developer";
				COPY_PHASE_STRIP = YES;
				GCC_C_LANGUAGE_STANDARD = gnu99;
				GCC_VERSION = com.apple.compilers.llvm.clang.1_0;
				GCC_WARN_ABOUT_RETURN_TYPE = YES;
				GCC_WARN_UNINITIALIZED_AUTOS = YES;
				GCC_WARN_UNUSED_VARIABLE = YES;
				IPHONEOS_DEPLOYMENT_TARGET = 5.1;
				OTHER_CFLAGS = "-DNS_BLOCK_ASSERTIONS=1";
				SDKROOT = iphoneos;
				TARGETED_DEVICE_FAMILY = 2;
				VALIDATE_PRODUCT = YES;
			};
			name = Release;
		};
		4382792B15429010002E0A53 /* Debug */ = {
			isa = XCBuildConfiguration;
			buildSettings = {
				GCC_PRECOMPILE_PREFIX_HEADER = YES;
				GCC_PREFIX_HEADER = "46px/46px-Prefix.pch";
				INFOPLIST_FILE = "46px/46px-Info.plist";
				PRODUCT_NAME = "$(TARGET_NAME)";
				WRAPPER_EXTENSION = app;
			};
			name = Debug;
		};
		4382792C15429010002E0A53 /* Release */ = {
			isa = XCBuildConfiguration;
			buildSettings = {
				GCC_PRECOMPILE_PREFIX_HEADER = YES;
				GCC_PREFIX_HEADER = "46px/46px-Prefix.pch";
				INFOPLIST_FILE = "46px/46px-Info.plist";
				PRODUCT_NAME = "$(TARGET_NAME)";
				WRAPPER_EXTENSION = app;
			};
			name = Release;
		};
/* End XCBuildConfiguration section */

/* Begin XCConfigurationList section */
		4382790615429010002E0A53 /* Build configuration list for PBXProject "46px" */ = {
			isa = XCConfigurationList;
			buildConfigurations = (
				4382792815429010002E0A53 /* Debug */,
				4382792915429010002E0A53 /* Release */,
			);
			defaultConfigurationIsVisible = 0;
			defaultConfigurationName = Release;
		};
		4382792A15429010002E0A53 /* Build configuration list for PBXNativeTarget "46px" */ = {
			isa = XCConfigurationList;
			buildConfigurations = (
				4382792B15429010002E0A53 /* Debug */,
				4382792C15429010002E0A53 /* Release */,
			);
			defaultConfigurationIsVisible = 0;
		};
/* End XCConfigurationList section */
	};
	rootObject = 4382790315429010002E0A53 /* Project object */;
}
