// !$*UTF8*$!
{
	archiveVersion = 1;
	classes = {
	};
	objectVersion = 46;
	objects = {

/* Begin PBXBuildFile section */
		4318A04B154322C00004540E /* ColorGridView.m in Sources */ = {isa = PBXBuildFile; fileRef = 4318A04A154322C00004540E /* ColorGridView.m */; };
		4318A0511543329C0004540E /* APIConnector.m in Sources */ = {isa = PBXBuildFile; fileRef = 4318A0501543329C0004540E /* APIConnector.m */; };
		437DB9DF155DBAF800ADF727 /* RectTool.m in Sources */ = {isa = PBXBuildFile; fileRef = 437DB9DE155DBAF800ADF727 /* RectTool.m */; };
		437DB9E8155E4C7B00ADF727 /* ImageIO.framework in Frameworks */ = {isa = PBXBuildFile; fileRef = 437DB9E7155E4C7B00ADF727 /* ImageIO.framework */; };
		4382791115429010002E0A53 /* UIKit.framework in Frameworks */ = {isa = PBXBuildFile; fileRef = 4382791015429010002E0A53 /* UIKit.framework */; };
		4382791315429010002E0A53 /* Foundation.framework in Frameworks */ = {isa = PBXBuildFile; fileRef = 4382791215429010002E0A53 /* Foundation.framework */; };
		4382791515429010002E0A53 /* CoreGraphics.framework in Frameworks */ = {isa = PBXBuildFile; fileRef = 4382791415429010002E0A53 /* CoreGraphics.framework */; };
		4382791B15429010002E0A53 /* InfoPlist.strings in Resources */ = {isa = PBXBuildFile; fileRef = 4382791915429010002E0A53 /* InfoPlist.strings */; };
		4382791D15429010002E0A53 /* main.m in Sources */ = {isa = PBXBuildFile; fileRef = 4382791C15429010002E0A53 /* main.m */; settings = {COMPILER_FLAGS = "-fno-objc-arc"; }; };
		4382792115429010002E0A53 /* AppDelegate.m in Sources */ = {isa = PBXBuildFile; fileRef = 4382792015429010002E0A53 /* AppDelegate.m */; };
		4382792415429010002E0A53 /* ViewController.m in Sources */ = {isa = PBXBuildFile; fileRef = 4382792315429010002E0A53 /* ViewController.m */; };
		4382792715429010002E0A53 /* ViewController.xib in Resources */ = {isa = PBXBuildFile; fileRef = 4382792515429010002E0A53 /* ViewController.xib */; };
		4382793D154295AB002E0A53 /* PixelEditorViewController.m in Sources */ = {isa = PBXBuildFile; fileRef = 4382793B154295AB002E0A53 /* PixelEditorViewController.m */; };
		4382793E154295AB002E0A53 /* PixelEditorViewController.xib in Resources */ = {isa = PBXBuildFile; fileRef = 4382793C154295AB002E0A53 /* PixelEditorViewController.xib */; };
		43827941154296CA002E0A53 /* PixelCanvasView.m in Sources */ = {isa = PBXBuildFile; fileRef = 43827940154296CA002E0A53 /* PixelCanvasView.m */; };
		43827944154296D7002E0A53 /* PixelDrawing.m in Sources */ = {isa = PBXBuildFile; fileRef = 43827943154296D6002E0A53 /* PixelDrawing.m */; };
		4382794A15429701002E0A53 /* PixelEditOperation.m in Sources */ = {isa = PBXBuildFile; fileRef = 4382794915429701002E0A53 /* PixelEditOperation.m */; };
		4382794C15429CF4002E0A53 /* CGHelpers.m in Sources */ = {isa = PBXBuildFile; fileRef = 4382794B15429CF4002E0A53 /* CGHelpers.m */; };
		43A3A68117BA8F990078D3EA /* header@2x.png in Resources */ = {isa = PBXBuildFile; fileRef = 43A3A68017BA8F990078D3EA /* header@2x.png */; };
		43A3A68417BA95C90078D3EA /* DrawingCollectionViewCell.m in Sources */ = {isa = PBXBuildFile; fileRef = 43A3A68317BA95C90078D3EA /* DrawingCollectionViewCell.m */; };
		43A3A6B917BAB6DC0078D3EA /* background_landscape.png in Resources */ = {isa = PBXBuildFile; fileRef = 43A3A68D17BAB6CC0078D3EA /* background_landscape.png */; };
		43A3A6BA17BAB6DC0078D3EA /* background_landscape@2x.png in Resources */ = {isa = PBXBuildFile; fileRef = 43A3A68E17BAB6CC0078D3EA /* background_landscape@2x.png */; };
		43A3A6BB17BAB6DC0078D3EA /* background_portrait.png in Resources */ = {isa = PBXBuildFile; fileRef = 43A3A68F17BAB6CC0078D3EA /* background_portrait.png */; };
		43A3A6BC17BAB6DC0078D3EA /* background_portrait@2x.png in Resources */ = {isa = PBXBuildFile; fileRef = 43A3A69017BAB6CC0078D3EA /* background_portrait@2x.png */; };
		43A3A6BD17BAB6DC0078D3EA /* background.png in Resources */ = {isa = PBXBuildFile; fileRef = 43A3A69117BAB6CC0078D3EA /* background.png */; };
		43A3A6BE17BAB6DC0078D3EA /* background@2x.png in Resources */ = {isa = PBXBuildFile; fileRef = 43A3A69217BAB6CC0078D3EA /* background@2x.png */; };
		43A3A6BF17BAB6DC0078D3EA /* button_background_down.png in Resources */ = {isa = PBXBuildFile; fileRef = 43A3A69317BAB6CC0078D3EA /* button_background_down.png */; };
		43A3A6C017BAB6DC0078D3EA /* button_background_down+highlighted.png in Resources */ = {isa = PBXBuildFile; fileRef = 43A3A69417BAB6CC0078D3EA /* button_background_down+highlighted.png */; };
		43A3A6C117BAB6DC0078D3EA /* button_background_highlighted.png in Resources */ = {isa = PBXBuildFile; fileRef = 43A3A69517BAB6CC0078D3EA /* button_background_highlighted.png */; };
		43A3A6C217BAB6DC0078D3EA /* button_background.png in Resources */ = {isa = PBXBuildFile; fileRef = 43A3A69617BAB6CC0078D3EA /* button_background.png */; };
		43A3A6C317BAB6DC0078D3EA /* drawing_background_portrait.png in Resources */ = {isa = PBXBuildFile; fileRef = 43A3A69717BAB6CD0078D3EA /* drawing_background_portrait.png */; };
		43A3A6C417BAB6DC0078D3EA /* drawing_background_portrait@2x.png in Resources */ = {isa = PBXBuildFile; fileRef = 43A3A69817BAB6CD0078D3EA /* drawing_background_portrait@2x.png */; };
		43A3A6C517BAB6DC0078D3EA /* drawing_background.png in Resources */ = {isa = PBXBuildFile; fileRef = 43A3A69917BAB6CD0078D3EA /* drawing_background.png */; };
		43A3A6C617BAB6DC0078D3EA /* drawing_background@2x.png in Resources */ = {isa = PBXBuildFile; fileRef = 43A3A69A17BAB6CD0078D3EA /* drawing_background@2x.png */; };
		43A3A6C717BAB6DC0078D3EA /* header@2x.png in Resources */ = {isa = PBXBuildFile; fileRef = 43A3A69B17BAB6CD0078D3EA /* header@2x.png */; };
		43A3A6C817BAB6DC0078D3EA /* home_gallery_background.png in Resources */ = {isa = PBXBuildFile; fileRef = 43A3A69C17BAB6CE0078D3EA /* home_gallery_background.png */; };
		43A3A6C917BAB6DC0078D3EA /* home_sidebar_background_landscape.png in Resources */ = {isa = PBXBuildFile; fileRef = 43A3A69D17BAB6CE0078D3EA /* home_sidebar_background_landscape.png */; };
		43A3A6CA17BAB6DC0078D3EA /* home_sidebar_background_landscape@2x.png in Resources */ = {isa = PBXBuildFile; fileRef = 43A3A69E17BAB6CE0078D3EA /* home_sidebar_background_landscape@2x.png */; };
		43A3A6CB17BAB6DC0078D3EA /* home_sidebar_background_portrait.png in Resources */ = {isa = PBXBuildFile; fileRef = 43A3A69F17BAB6CF0078D3EA /* home_sidebar_background_portrait.png */; };
		43A3A6CC17BAB6DC0078D3EA /* home_sidebar_background_portrait@2x.png in Resources */ = {isa = PBXBuildFile; fileRef = 43A3A6A017BAB6CF0078D3EA /* home_sidebar_background_portrait@2x.png */; };
		43A3A6CD17BAB6DC0078D3EA /* icon_comments.png in Resources */ = {isa = PBXBuildFile; fileRef = 43A3A6A117BAB6CF0078D3EA /* icon_comments.png */; };
		43A3A6CE17BAB6DC0078D3EA /* icon_comments@2x.png in Resources */ = {isa = PBXBuildFile; fileRef = 43A3A6A217BAB6CF0078D3EA /* icon_comments@2x.png */; };
		43A3A6CF17BAB6DC0078D3EA /* icon_draw.png in Resources */ = {isa = PBXBuildFile; fileRef = 43A3A6A317BAB6D00078D3EA /* icon_draw.png */; };
		43A3A6D017BAB6DC0078D3EA /* icon_draw@2x.png in Resources */ = {isa = PBXBuildFile; fileRef = 43A3A6A417BAB6D00078D3EA /* icon_draw@2x.png */; };
		43A3A6D117BAB6DC0078D3EA /* icon_flip_x.png in Resources */ = {isa = PBXBuildFile; fileRef = 43A3A6A517BAB6D00078D3EA /* icon_flip_x.png */; };
		43A3A6D217BAB6DC0078D3EA /* icon_flip_x@2x.png in Resources */ = {isa = PBXBuildFile; fileRef = 43A3A6A617BAB6D10078D3EA /* icon_flip_x@2x.png */; };
		43A3A6D317BAB6DC0078D3EA /* icon_flip_y.png in Resources */ = {isa = PBXBuildFile; fileRef = 43A3A6A717BAB6D10078D3EA /* icon_flip_y.png */; };
		43A3A6D417BAB6DC0078D3EA /* icon_flip_y@2x.png in Resources */ = {isa = PBXBuildFile; fileRef = 43A3A6A817BAB6D20078D3EA /* icon_flip_y@2x.png */; };
		43A3A6D517BAB6DC0078D3EA /* icon_like.png in Resources */ = {isa = PBXBuildFile; fileRef = 43A3A6A917BAB6D20078D3EA /* icon_like.png */; };
		43A3A6D617BAB6DC0078D3EA /* icon_like@2x.png in Resources */ = {isa = PBXBuildFile; fileRef = 43A3A6AA17BAB6D20078D3EA /* icon_like@2x.png */; };
		43A3A6D717BAB6DC0078D3EA /* icon_redo.png in Resources */ = {isa = PBXBuildFile; fileRef = 43A3A6AB17BAB6D30078D3EA /* icon_redo.png */; };
		43A3A6D817BAB6DC0078D3EA /* icon_redo@2x.png in Resources */ = {isa = PBXBuildFile; fileRef = 43A3A6AC17BAB6D30078D3EA /* icon_redo@2x.png */; };
		43A3A6D917BAB6DC0078D3EA /* icon_undo.png in Resources */ = {isa = PBXBuildFile; fileRef = 43A3A6AD17BAB6D40078D3EA /* icon_undo.png */; };
		43A3A6DA17BAB6DC0078D3EA /* icon_undo@2x.png in Resources */ = {isa = PBXBuildFile; fileRef = 43A3A6AE17BAB6D40078D3EA /* icon_undo@2x.png */; };
		43A3A6DB17BAB6DC0078D3EA /* missing.png in Resources */ = {isa = PBXBuildFile; fileRef = 43A3A6AF17BAB6D50078D3EA /* missing.png */; };
		43A3A6DC17BAB6DC0078D3EA /* missing@2x.png in Resources */ = {isa = PBXBuildFile; fileRef = 43A3A6B017BAB6D60078D3EA /* missing@2x.png */; };
		43A3A6DD17BAB6DC0078D3EA /* post_background.png in Resources */ = {isa = PBXBuildFile; fileRef = 43A3A6B117BAB6D70078D3EA /* post_background.png */; };
		43A3A6DE17BAB6DC0078D3EA /* post_background@2x.png in Resources */ = {isa = PBXBuildFile; fileRef = 43A3A6B217BAB6D70078D3EA /* post_background@2x.png */; };
		43A3A6DF17BAB6DC0078D3EA /* screenshot.png in Resources */ = {isa = PBXBuildFile; fileRef = 43A3A6B317BAB6D80078D3EA /* screenshot.png */; };
		43A3A6E017BAB6DC0078D3EA /* tool-default.png in Resources */ = {isa = PBXBuildFile; fileRef = 43A3A6B417BAB6D80078D3EA /* tool-default.png */; };
		43A3A6E117BAB6DC0078D3EA /* tool-ellipse.png in Resources */ = {isa = PBXBuildFile; fileRef = 43A3A6B517BAB6D90078D3EA /* tool-ellipse.png */; };
		43A3A6E217BAB6DC0078D3EA /* tool-line.png in Resources */ = {isa = PBXBuildFile; fileRef = 43A3A6B617BAB6DA0078D3EA /* tool-line.png */; };
		43A3A6E317BAB6DC0078D3EA /* tool-paintbucket.png in Resources */ = {isa = PBXBuildFile; fileRef = 43A3A6B717BAB6DA0078D3EA /* tool-paintbucket.png */; };
		43A3A6E417BAB6DC0078D3EA /* tool-rect.png in Resources */ = {isa = PBXBuildFile; fileRef = 43A3A6B817BAB6DB0078D3EA /* tool-rect.png */; };
		43A3A6E717BAB8A40078D3EA /* anonymous.png in Resources */ = {isa = PBXBuildFile; fileRef = 43A3A6E517BAB8A40078D3EA /* anonymous.png */; };
		43A3A6E817BAB8A40078D3EA /* anonymous@2x.png in Resources */ = {isa = PBXBuildFile; fileRef = 43A3A6E617BAB8A40078D3EA /* anonymous@2x.png */; };
		43A3A6EA17BAD2F60078D3EA /* shadow_border.png in Resources */ = {isa = PBXBuildFile; fileRef = 43A3A6E917BAD2F60078D3EA /* shadow_border.png */; };
		43A3A6EC17BADBF00078D3EA /* export_watermark.png in Resources */ = {isa = PBXBuildFile; fileRef = 43A3A6EB17BADBF00078D3EA /* export_watermark.png */; };
		43C32CFC15446200006E6895 /* OrangeButton.m in Sources */ = {isa = PBXBuildFile; fileRef = 43C32CFB15446200006E6895 /* OrangeButton.m */; };
		43C32D1E15447AFB006E6895 /* icon72.png in Resources */ = {isa = PBXBuildFile; fileRef = 43C32D1D15447AFA006E6895 /* icon72.png */; };
		43C32D2015447AFD006E6895 /* icon144.png in Resources */ = {isa = PBXBuildFile; fileRef = 43C32D1F15447AFD006E6895 /* icon144.png */; };
		43EB9CD015437F980040C04E /* MobileCoreServices.framework in Frameworks */ = {isa = PBXBuildFile; fileRef = 43EB9CCF15437F980040C04E /* MobileCoreServices.framework */; };
		43EB9CD215437F9C0040C04E /* CFNetwork.framework in Frameworks */ = {isa = PBXBuildFile; fileRef = 43EB9CD115437F9C0040C04E /* CFNetwork.framework */; };
		43EB9CD415437FAB0040C04E /* SystemConfiguration.framework in Frameworks */ = {isa = PBXBuildFile; fileRef = 43EB9CD315437FAB0040C04E /* SystemConfiguration.framework */; };
		43EB9CD615437FB10040C04E /* libz.dylib in Frameworks */ = {isa = PBXBuildFile; fileRef = 43EB9CD515437FB10040C04E /* libz.dylib */; };
		43EB9CDA154381F70040C04E /* PostViewController.m in Sources */ = {isa = PBXBuildFile; fileRef = 43EB9CD8154381F70040C04E /* PostViewController.m */; };
		43EB9CDB154381F70040C04E /* PostViewController.xib in Resources */ = {isa = PBXBuildFile; fileRef = 43EB9CD9154381F70040C04E /* PostViewController.xib */; };
		43EB9D4D15438FEE0040C04E /* ASIAuthenticationDialog.m in Sources */ = {isa = PBXBuildFile; fileRef = 43EB9CF115438FEE0040C04E /* ASIAuthenticationDialog.m */; settings = {COMPILER_FLAGS = "-fno-objc-arc"; }; };
		43EB9D4E15438FEE0040C04E /* ASIDataCompressor.m in Sources */ = {isa = PBXBuildFile; fileRef = 43EB9CF415438FEE0040C04E /* ASIDataCompressor.m */; settings = {COMPILER_FLAGS = "-fno-objc-arc"; }; };
		43EB9D4F15438FEE0040C04E /* ASIDataDecompressor.m in Sources */ = {isa = PBXBuildFile; fileRef = 43EB9CF615438FEE0040C04E /* ASIDataDecompressor.m */; settings = {COMPILER_FLAGS = "-fno-objc-arc"; }; };
		43EB9D5015438FEE0040C04E /* ASIDownloadCache.m in Sources */ = {isa = PBXBuildFile; fileRef = 43EB9CF815438FEE0040C04E /* ASIDownloadCache.m */; settings = {COMPILER_FLAGS = "-fno-objc-arc"; }; };
		43EB9D5115438FEE0040C04E /* ASIFormDataRequest.m in Sources */ = {isa = PBXBuildFile; fileRef = 43EB9CFA15438FEE0040C04E /* ASIFormDataRequest.m */; settings = {COMPILER_FLAGS = "-fno-objc-arc"; }; };
		43EB9D5215438FEE0040C04E /* ASIHTTPRequest.m in Sources */ = {isa = PBXBuildFile; fileRef = 43EB9CFC15438FEE0040C04E /* ASIHTTPRequest.m */; settings = {COMPILER_FLAGS = "-fno-objc-arc"; }; };
		43EB9D5315438FEE0040C04E /* ASIInputStream.m in Sources */ = {isa = PBXBuildFile; fileRef = 43EB9D0015438FEE0040C04E /* ASIInputStream.m */; settings = {COMPILER_FLAGS = "-fno-objc-arc"; }; };
		43EB9D5415438FEE0040C04E /* ASINetworkQueue.m in Sources */ = {isa = PBXBuildFile; fileRef = 43EB9D0215438FEE0040C04E /* ASINetworkQueue.m */; settings = {COMPILER_FLAGS = "-fno-objc-arc"; }; };
		43EB9D5D15438FEE0040C04E /* ASIOARequest.m in Sources */ = {isa = PBXBuildFile; fileRef = 43EB9D1815438FEE0040C04E /* ASIOARequest.m */; settings = {COMPILER_FLAGS = "-fno-objc-arc"; }; };
		43EB9D5E15438FEE0040C04E /* ASIOAuthParameter.m in Sources */ = {isa = PBXBuildFile; fileRef = 43EB9D1A15438FEE0040C04E /* ASIOAuthParameter.m */; settings = {COMPILER_FLAGS = "-fno-objc-arc"; }; };
		43EB9D7415438FEE0040C04E /* README-GHUnit in Resources */ = {isa = PBXBuildFile; fileRef = 43EB9D4915438FEE0040C04E /* README-GHUnit */; };
		43EB9D7515438FEE0040C04E /* Reachability.m in Sources */ = {isa = PBXBuildFile; fileRef = 43EB9D4C15438FEE0040C04E /* Reachability.m */; settings = {COMPILER_FLAGS = "-fno-objc-arc"; }; };
		43EB9D82154399DE0040C04E /* QuartzCore.framework in Frameworks */ = {isa = PBXBuildFile; fileRef = 43EB9D81154399DE0040C04E /* QuartzCore.framework */; };
		43EB9D8A15439B900040C04E /* WebViewController.m in Sources */ = {isa = PBXBuildFile; fileRef = 43EB9D8815439B900040C04E /* WebViewController.m */; };
		43EB9D8B15439B900040C04E /* WebViewController.xib in Resources */ = {isa = PBXBuildFile; fileRef = 43EB9D8915439B900040C04E /* WebViewController.xib */; };
		810F68F8154623C700AB815D /* FacebookManager.m in Sources */ = {isa = PBXBuildFile; fileRef = 81F6E71015460ECD00E468CA /* FacebookManager.m */; };
		813E1AFB1545AAD10004FBB5 /* EllipseTool.m in Sources */ = {isa = PBXBuildFile; fileRef = 813E1AF01545AAD10004FBB5 /* EllipseTool.m */; };
		813E1AFC1545AAD10004FBB5 /* LinePixelTool.m in Sources */ = {isa = PBXBuildFile; fileRef = 813E1AF21545AAD10004FBB5 /* LinePixelTool.m */; };
		813E1AFD1545AAD10004FBB5 /* PaintBucketPixelTool.m in Sources */ = {isa = PBXBuildFile; fileRef = 813E1AF41545AAD10004FBB5 /* PaintBucketPixelTool.m */; };
		813E1AFE1545AAD10004FBB5 /* PenPixelTool.m in Sources */ = {isa = PBXBuildFile; fileRef = 813E1AF61545AAD10004FBB5 /* PenPixelTool.m */; };
		813E1AFF1545AAD10004FBB5 /* PixelTool.m in Sources */ = {isa = PBXBuildFile; fileRef = 813E1AF81545AAD10004FBB5 /* PixelTool.m */; };
		813E1B001545AAD10004FBB5 /* ShapeTool.m in Sources */ = {isa = PBXBuildFile; fileRef = 813E1AFA1545AAD10004FBB5 /* ShapeTool.m */; };
		81F6E70315460EAD00E468CA /* Facebook.m in Sources */ = {isa = PBXBuildFile; fileRef = 81F6E6E915460EAD00E468CA /* Facebook.m */; settings = {COMPILER_FLAGS = "-fno-objc-arc"; }; };
		81F6E70415460EAD00E468CA /* FBDialog.bundle in Resources */ = {isa = PBXBuildFile; fileRef = 81F6E6EC15460EAD00E468CA /* FBDialog.bundle */; };
		81F6E70515460EAD00E468CA /* FBDialog.m in Sources */ = {isa = PBXBuildFile; fileRef = 81F6E6EE15460EAD00E468CA /* FBDialog.m */; settings = {COMPILER_FLAGS = "-fno-objc-arc"; }; };
		81F6E70615460EAD00E468CA /* FBFrictionlessRequestSettings.m in Sources */ = {isa = PBXBuildFile; fileRef = 81F6E6F015460EAD00E468CA /* FBFrictionlessRequestSettings.m */; settings = {COMPILER_FLAGS = "-fno-objc-arc"; }; };
		81F6E70715460EAD00E468CA /* FBLoginDialog.m in Sources */ = {isa = PBXBuildFile; fileRef = 81F6E6F215460EAD00E468CA /* FBLoginDialog.m */; settings = {COMPILER_FLAGS = "-fno-objc-arc"; }; };
		81F6E70815460EAD00E468CA /* FBRequest.m in Sources */ = {isa = PBXBuildFile; fileRef = 81F6E6F415460EAD00E468CA /* FBRequest.m */; settings = {COMPILER_FLAGS = "-fno-objc-arc"; }; };
		81F6E70915460EAD00E468CA /* NSObject+SBJSON.m in Sources */ = {isa = PBXBuildFile; fileRef = 81F6E6F815460EAD00E468CA /* NSObject+SBJSON.m */; settings = {COMPILER_FLAGS = "-fno-objc-arc"; }; };
		81F6E70A15460EAD00E468CA /* NSString+SBJSON.m in Sources */ = {isa = PBXBuildFile; fileRef = 81F6E6FA15460EAD00E468CA /* NSString+SBJSON.m */; settings = {COMPILER_FLAGS = "-fno-objc-arc"; }; };
		81F6E70B15460EAD00E468CA /* SBJSON.m in Sources */ = {isa = PBXBuildFile; fileRef = 81F6E6FC15460EAD00E468CA /* SBJSON.m */; settings = {COMPILER_FLAGS = "-fno-objc-arc"; }; };
		81F6E70C15460EAD00E468CA /* SBJsonBase.m in Sources */ = {isa = PBXBuildFile; fileRef = 81F6E6FE15460EAD00E468CA /* SBJsonBase.m */; settings = {COMPILER_FLAGS = "-fno-objc-arc"; }; };
		81F6E70D15460EAD00E468CA /* SBJsonParser.m in Sources */ = {isa = PBXBuildFile; fileRef = 81F6E70015460EAD00E468CA /* SBJsonParser.m */; settings = {COMPILER_FLAGS = "-fno-objc-arc"; }; };
		81F6E70E15460EAD00E468CA /* SBJsonWriter.m in Sources */ = {isa = PBXBuildFile; fileRef = 81F6E70215460EAD00E468CA /* SBJsonWriter.m */; settings = {COMPILER_FLAGS = "-fno-objc-arc"; }; };
/* End PBXBuildFile section */

/* Begin PBXFileReference section */
		4318A049154322C00004540E /* ColorGridView.h */ = {isa = PBXFileReference; fileEncoding = 4; lastKnownFileType = sourcecode.c.h; path = ColorGridView.h; sourceTree = "<group>"; };
		4318A04A154322C00004540E /* ColorGridView.m */ = {isa = PBXFileReference; fileEncoding = 4; lastKnownFileType = sourcecode.c.objc; path = ColorGridView.m; sourceTree = "<group>"; };
		4318A04F1543329C0004540E /* APIConnector.h */ = {isa = PBXFileReference; fileEncoding = 4; lastKnownFileType = sourcecode.c.h; path = APIConnector.h; sourceTree = "<group>"; };
		4318A0501543329C0004540E /* APIConnector.m */ = {isa = PBXFileReference; fileEncoding = 4; lastKnownFileType = sourcecode.c.objc; path = APIConnector.m; sourceTree = "<group>"; };
		437DB9DD155DBAF800ADF727 /* RectTool.h */ = {isa = PBXFileReference; fileEncoding = 4; lastKnownFileType = sourcecode.c.h; path = RectTool.h; sourceTree = "<group>"; };
		437DB9DE155DBAF800ADF727 /* RectTool.m */ = {isa = PBXFileReference; fileEncoding = 4; lastKnownFileType = sourcecode.c.objc; path = RectTool.m; sourceTree = "<group>"; };
		437DB9E7155E4C7B00ADF727 /* ImageIO.framework */ = {isa = PBXFileReference; lastKnownFileType = wrapper.framework; name = ImageIO.framework; path = System/Library/Frameworks/ImageIO.framework; sourceTree = SDKROOT; };
		4382790C15429010002E0A53 /* 46px.app */ = {isa = PBXFileReference; explicitFileType = wrapper.application; includeInIndex = 0; path = 46px.app; sourceTree = BUILT_PRODUCTS_DIR; };
		4382791015429010002E0A53 /* UIKit.framework */ = {isa = PBXFileReference; lastKnownFileType = wrapper.framework; name = UIKit.framework; path = System/Library/Frameworks/UIKit.framework; sourceTree = SDKROOT; };
		4382791215429010002E0A53 /* Foundation.framework */ = {isa = PBXFileReference; lastKnownFileType = wrapper.framework; name = Foundation.framework; path = System/Library/Frameworks/Foundation.framework; sourceTree = SDKROOT; };
		4382791415429010002E0A53 /* CoreGraphics.framework */ = {isa = PBXFileReference; lastKnownFileType = wrapper.framework; name = CoreGraphics.framework; path = System/Library/Frameworks/CoreGraphics.framework; sourceTree = SDKROOT; };
		4382791815429010002E0A53 /* 46px-Info.plist */ = {isa = PBXFileReference; lastKnownFileType = text.plist.xml; path = "46px-Info.plist"; sourceTree = "<group>"; };
		4382791A15429010002E0A53 /* en */ = {isa = PBXFileReference; lastKnownFileType = text.plist.strings; name = en; path = en.lproj/InfoPlist.strings; sourceTree = "<group>"; };
		4382791C15429010002E0A53 /* main.m */ = {isa = PBXFileReference; lastKnownFileType = sourcecode.c.objc; path = main.m; sourceTree = "<group>"; };
		4382791E15429010002E0A53 /* 46px-Prefix.pch */ = {isa = PBXFileReference; lastKnownFileType = sourcecode.c.h; path = "46px-Prefix.pch"; sourceTree = "<group>"; };
		4382791F15429010002E0A53 /* AppDelegate.h */ = {isa = PBXFileReference; lastKnownFileType = sourcecode.c.h; path = AppDelegate.h; sourceTree = "<group>"; };
		4382792015429010002E0A53 /* AppDelegate.m */ = {isa = PBXFileReference; lastKnownFileType = sourcecode.c.objc; path = AppDelegate.m; sourceTree = "<group>"; };
		4382792215429010002E0A53 /* ViewController.h */ = {isa = PBXFileReference; lastKnownFileType = sourcecode.c.h; path = ViewController.h; sourceTree = "<group>"; };
		4382792315429010002E0A53 /* ViewController.m */ = {isa = PBXFileReference; lastKnownFileType = sourcecode.c.objc; path = ViewController.m; sourceTree = "<group>"; };
		4382792615429010002E0A53 /* en */ = {isa = PBXFileReference; lastKnownFileType = file.xib; name = en; path = en.lproj/ViewController.xib; sourceTree = "<group>"; };
		4382793A154295AB002E0A53 /* PixelEditorViewController.h */ = {isa = PBXFileReference; fileEncoding = 4; lastKnownFileType = sourcecode.c.h; path = PixelEditorViewController.h; sourceTree = "<group>"; };
		4382793B154295AB002E0A53 /* PixelEditorViewController.m */ = {isa = PBXFileReference; fileEncoding = 4; lastKnownFileType = sourcecode.c.objc; path = PixelEditorViewController.m; sourceTree = "<group>"; };
		4382793C154295AB002E0A53 /* PixelEditorViewController.xib */ = {isa = PBXFileReference; fileEncoding = 4; lastKnownFileType = file.xib; path = PixelEditorViewController.xib; sourceTree = "<group>"; };
		4382793F154296CA002E0A53 /* PixelCanvasView.h */ = {isa = PBXFileReference; fileEncoding = 4; lastKnownFileType = sourcecode.c.h; path = PixelCanvasView.h; sourceTree = "<group>"; };
		43827940154296CA002E0A53 /* PixelCanvasView.m */ = {isa = PBXFileReference; fileEncoding = 4; lastKnownFileType = sourcecode.c.objc; path = PixelCanvasView.m; sourceTree = "<group>"; };
		43827942154296D6002E0A53 /* PixelDrawing.h */ = {isa = PBXFileReference; fileEncoding = 4; lastKnownFileType = sourcecode.c.h; name = PixelDrawing.h; path = ../PixelDrawing.h; sourceTree = "<group>"; };
		43827943154296D6002E0A53 /* PixelDrawing.m */ = {isa = PBXFileReference; fileEncoding = 4; lastKnownFileType = sourcecode.c.objc; name = PixelDrawing.m; path = ../PixelDrawing.m; sourceTree = "<group>"; };
		4382794815429701002E0A53 /* PixelEditOperation.h */ = {isa = PBXFileReference; fileEncoding = 4; lastKnownFileType = sourcecode.c.h; name = PixelEditOperation.h; path = ../PixelEditOperation.h; sourceTree = "<group>"; };
		4382794915429701002E0A53 /* PixelEditOperation.m */ = {isa = PBXFileReference; fileEncoding = 4; lastKnownFileType = sourcecode.c.objc; name = PixelEditOperation.m; path = ../PixelEditOperation.m; sourceTree = "<group>"; };
		4382794B15429CF4002E0A53 /* CGHelpers.m */ = {isa = PBXFileReference; fileEncoding = 4; lastKnownFileType = sourcecode.c.objc; name = CGHelpers.m; path = ../CGHelpers.m; sourceTree = "<group>"; };
		4382794D15429CFC002E0A53 /* CGHelpers.h */ = {isa = PBXFileReference; lastKnownFileType = sourcecode.c.h; name = CGHelpers.h; path = ../CGHelpers.h; sourceTree = "<group>"; };
		43A3A68017BA8F990078D3EA /* header@2x.png */ = {isa = PBXFileReference; lastKnownFileType = image.png; path = "header@2x.png"; sourceTree = "<group>"; };
		43A3A68217BA95C90078D3EA /* DrawingCollectionViewCell.h */ = {isa = PBXFileReference; fileEncoding = 4; lastKnownFileType = sourcecode.c.h; path = DrawingCollectionViewCell.h; sourceTree = "<group>"; };
		43A3A68317BA95C90078D3EA /* DrawingCollectionViewCell.m */ = {isa = PBXFileReference; fileEncoding = 4; lastKnownFileType = sourcecode.c.objc; path = DrawingCollectionViewCell.m; sourceTree = "<group>"; };
		43A3A68D17BAB6CC0078D3EA /* background_landscape.png */ = {isa = PBXFileReference; lastKnownFileType = image.png; path = background_landscape.png; sourceTree = "<group>"; };
		43A3A68E17BAB6CC0078D3EA /* background_landscape@2x.png */ = {isa = PBXFileReference; lastKnownFileType = image.png; path = "background_landscape@2x.png"; sourceTree = "<group>"; };
		43A3A68F17BAB6CC0078D3EA /* background_portrait.png */ = {isa = PBXFileReference; lastKnownFileType = image.png; path = background_portrait.png; sourceTree = "<group>"; };
		43A3A69017BAB6CC0078D3EA /* background_portrait@2x.png */ = {isa = PBXFileReference; lastKnownFileType = image.png; path = "background_portrait@2x.png"; sourceTree = "<group>"; };
		43A3A69117BAB6CC0078D3EA /* background.png */ = {isa = PBXFileReference; lastKnownFileType = image.png; path = background.png; sourceTree = "<group>"; };
		43A3A69217BAB6CC0078D3EA /* background@2x.png */ = {isa = PBXFileReference; lastKnownFileType = image.png; path = "background@2x.png"; sourceTree = "<group>"; };
		43A3A69317BAB6CC0078D3EA /* button_background_down.png */ = {isa = PBXFileReference; lastKnownFileType = image.png; path = button_background_down.png; sourceTree = "<group>"; };
		43A3A69417BAB6CC0078D3EA /* button_background_down+highlighted.png */ = {isa = PBXFileReference; lastKnownFileType = image.png; path = "button_background_down+highlighted.png"; sourceTree = "<group>"; };
		43A3A69517BAB6CC0078D3EA /* button_background_highlighted.png */ = {isa = PBXFileReference; lastKnownFileType = image.png; path = button_background_highlighted.png; sourceTree = "<group>"; };
		43A3A69617BAB6CC0078D3EA /* button_background.png */ = {isa = PBXFileReference; lastKnownFileType = image.png; path = button_background.png; sourceTree = "<group>"; };
		43A3A69717BAB6CD0078D3EA /* drawing_background_portrait.png */ = {isa = PBXFileReference; lastKnownFileType = image.png; path = drawing_background_portrait.png; sourceTree = "<group>"; };
		43A3A69817BAB6CD0078D3EA /* drawing_background_portrait@2x.png */ = {isa = PBXFileReference; lastKnownFileType = image.png; path = "drawing_background_portrait@2x.png"; sourceTree = "<group>"; };
		43A3A69917BAB6CD0078D3EA /* drawing_background.png */ = {isa = PBXFileReference; lastKnownFileType = image.png; path = drawing_background.png; sourceTree = "<group>"; };
		43A3A69A17BAB6CD0078D3EA /* drawing_background@2x.png */ = {isa = PBXFileReference; lastKnownFileType = image.png; path = "drawing_background@2x.png"; sourceTree = "<group>"; };
		43A3A69B17BAB6CD0078D3EA /* header@2x.png */ = {isa = PBXFileReference; lastKnownFileType = image.png; path = "header@2x.png"; sourceTree = "<group>"; };
		43A3A69C17BAB6CE0078D3EA /* home_gallery_background.png */ = {isa = PBXFileReference; lastKnownFileType = image.png; path = home_gallery_background.png; sourceTree = "<group>"; };
		43A3A69D17BAB6CE0078D3EA /* home_sidebar_background_landscape.png */ = {isa = PBXFileReference; lastKnownFileType = image.png; path = home_sidebar_background_landscape.png; sourceTree = "<group>"; };
		43A3A69E17BAB6CE0078D3EA /* home_sidebar_background_landscape@2x.png */ = {isa = PBXFileReference; lastKnownFileType = image.png; path = "home_sidebar_background_landscape@2x.png"; sourceTree = "<group>"; };
		43A3A69F17BAB6CF0078D3EA /* home_sidebar_background_portrait.png */ = {isa = PBXFileReference; lastKnownFileType = image.png; path = home_sidebar_background_portrait.png; sourceTree = "<group>"; };
		43A3A6A017BAB6CF0078D3EA /* home_sidebar_background_portrait@2x.png */ = {isa = PBXFileReference; lastKnownFileType = image.png; path = "home_sidebar_background_portrait@2x.png"; sourceTree = "<group>"; };
		43A3A6A117BAB6CF0078D3EA /* icon_comments.png */ = {isa = PBXFileReference; lastKnownFileType = image.png; path = icon_comments.png; sourceTree = "<group>"; };
		43A3A6A217BAB6CF0078D3EA /* icon_comments@2x.png */ = {isa = PBXFileReference; lastKnownFileType = image.png; path = "icon_comments@2x.png"; sourceTree = "<group>"; };
		43A3A6A317BAB6D00078D3EA /* icon_draw.png */ = {isa = PBXFileReference; lastKnownFileType = image.png; path = icon_draw.png; sourceTree = "<group>"; };
		43A3A6A417BAB6D00078D3EA /* icon_draw@2x.png */ = {isa = PBXFileReference; lastKnownFileType = image.png; path = "icon_draw@2x.png"; sourceTree = "<group>"; };
		43A3A6A517BAB6D00078D3EA /* icon_flip_x.png */ = {isa = PBXFileReference; lastKnownFileType = image.png; path = icon_flip_x.png; sourceTree = "<group>"; };
		43A3A6A617BAB6D10078D3EA /* icon_flip_x@2x.png */ = {isa = PBXFileReference; lastKnownFileType = image.png; path = "icon_flip_x@2x.png"; sourceTree = "<group>"; };
		43A3A6A717BAB6D10078D3EA /* icon_flip_y.png */ = {isa = PBXFileReference; lastKnownFileType = image.png; path = icon_flip_y.png; sourceTree = "<group>"; };
		43A3A6A817BAB6D20078D3EA /* icon_flip_y@2x.png */ = {isa = PBXFileReference; lastKnownFileType = image.png; path = "icon_flip_y@2x.png"; sourceTree = "<group>"; };
		43A3A6A917BAB6D20078D3EA /* icon_like.png */ = {isa = PBXFileReference; lastKnownFileType = image.png; path = icon_like.png; sourceTree = "<group>"; };
		43A3A6AA17BAB6D20078D3EA /* icon_like@2x.png */ = {isa = PBXFileReference; lastKnownFileType = image.png; path = "icon_like@2x.png"; sourceTree = "<group>"; };
		43A3A6AB17BAB6D30078D3EA /* icon_redo.png */ = {isa = PBXFileReference; lastKnownFileType = image.png; path = icon_redo.png; sourceTree = "<group>"; };
		43A3A6AC17BAB6D30078D3EA /* icon_redo@2x.png */ = {isa = PBXFileReference; lastKnownFileType = image.png; path = "icon_redo@2x.png"; sourceTree = "<group>"; };
		43A3A6AD17BAB6D40078D3EA /* icon_undo.png */ = {isa = PBXFileReference; lastKnownFileType = image.png; path = icon_undo.png; sourceTree = "<group>"; };
		43A3A6AE17BAB6D40078D3EA /* icon_undo@2x.png */ = {isa = PBXFileReference; lastKnownFileType = image.png; path = "icon_undo@2x.png"; sourceTree = "<group>"; };
		43A3A6AF17BAB6D50078D3EA /* missing.png */ = {isa = PBXFileReference; lastKnownFileType = image.png; path = missing.png; sourceTree = "<group>"; };
		43A3A6B017BAB6D60078D3EA /* missing@2x.png */ = {isa = PBXFileReference; lastKnownFileType = image.png; path = "missing@2x.png"; sourceTree = "<group>"; };
		43A3A6B117BAB6D70078D3EA /* post_background.png */ = {isa = PBXFileReference; lastKnownFileType = image.png; path = post_background.png; sourceTree = "<group>"; };
		43A3A6B217BAB6D70078D3EA /* post_background@2x.png */ = {isa = PBXFileReference; lastKnownFileType = image.png; path = "post_background@2x.png"; sourceTree = "<group>"; };
		43A3A6B317BAB6D80078D3EA /* screenshot.png */ = {isa = PBXFileReference; lastKnownFileType = image.png; path = screenshot.png; sourceTree = "<group>"; };
		43A3A6B417BAB6D80078D3EA /* tool-default.png */ = {isa = PBXFileReference; lastKnownFileType = image.png; path = "tool-default.png"; sourceTree = "<group>"; };
		43A3A6B517BAB6D90078D3EA /* tool-ellipse.png */ = {isa = PBXFileReference; lastKnownFileType = image.png; path = "tool-ellipse.png"; sourceTree = "<group>"; };
		43A3A6B617BAB6DA0078D3EA /* tool-line.png */ = {isa = PBXFileReference; lastKnownFileType = image.png; path = "tool-line.png"; sourceTree = "<group>"; };
		43A3A6B717BAB6DA0078D3EA /* tool-paintbucket.png */ = {isa = PBXFileReference; lastKnownFileType = image.png; path = "tool-paintbucket.png"; sourceTree = "<group>"; };
		43A3A6B817BAB6DB0078D3EA /* tool-rect.png */ = {isa = PBXFileReference; lastKnownFileType = image.png; path = "tool-rect.png"; sourceTree = "<group>"; };
		43A3A6E517BAB8A40078D3EA /* anonymous.png */ = {isa = PBXFileReference; lastKnownFileType = image.png; path = anonymous.png; sourceTree = "<group>"; };
		43A3A6E617BAB8A40078D3EA /* anonymous@2x.png */ = {isa = PBXFileReference; lastKnownFileType = image.png; path = "anonymous@2x.png"; sourceTree = "<group>"; };
		43A3A6E917BAD2F60078D3EA /* shadow_border.png */ = {isa = PBXFileReference; lastKnownFileType = image.png; path = shadow_border.png; sourceTree = "<group>"; };
		43A3A6EB17BADBF00078D3EA /* export_watermark.png */ = {isa = PBXFileReference; lastKnownFileType = image.png; path = export_watermark.png; sourceTree = "<group>"; };
		43C32CFA15446200006E6895 /* OrangeButton.h */ = {isa = PBXFileReference; fileEncoding = 4; lastKnownFileType = sourcecode.c.h; path = OrangeButton.h; sourceTree = "<group>"; };
		43C32CFB15446200006E6895 /* OrangeButton.m */ = {isa = PBXFileReference; fileEncoding = 4; lastKnownFileType = sourcecode.c.objc; path = OrangeButton.m; sourceTree = "<group>"; };
		43C32D1D15447AFA006E6895 /* icon72.png */ = {isa = PBXFileReference; lastKnownFileType = image.png; name = icon72.png; path = ../../icon72.png; sourceTree = "<group>"; };
		43C32D1F15447AFD006E6895 /* icon144.png */ = {isa = PBXFileReference; lastKnownFileType = image.png; name = icon144.png; path = ../../icon144.png; sourceTree = "<group>"; };
		43EB9CCF15437F980040C04E /* MobileCoreServices.framework */ = {isa = PBXFileReference; lastKnownFileType = wrapper.framework; name = MobileCoreServices.framework; path = System/Library/Frameworks/MobileCoreServices.framework; sourceTree = SDKROOT; };
		43EB9CD115437F9C0040C04E /* CFNetwork.framework */ = {isa = PBXFileReference; lastKnownFileType = wrapper.framework; name = CFNetwork.framework; path = System/Library/Frameworks/CFNetwork.framework; sourceTree = SDKROOT; };
		43EB9CD315437FAB0040C04E /* SystemConfiguration.framework */ = {isa = PBXFileReference; lastKnownFileType = wrapper.framework; name = SystemConfiguration.framework; path = System/Library/Frameworks/SystemConfiguration.framework; sourceTree = SDKROOT; };
		43EB9CD515437FB10040C04E /* libz.dylib */ = {isa = PBXFileReference; lastKnownFileType = "compiled.mach-o.dylib"; name = libz.dylib; path = usr/lib/libz.dylib; sourceTree = SDKROOT; };
		43EB9CD7154381F70040C04E /* PostViewController.h */ = {isa = PBXFileReference; fileEncoding = 4; lastKnownFileType = sourcecode.c.h; path = PostViewController.h; sourceTree = "<group>"; };
		43EB9CD8154381F70040C04E /* PostViewController.m */ = {isa = PBXFileReference; fileEncoding = 4; lastKnownFileType = sourcecode.c.objc; path = PostViewController.m; sourceTree = "<group>"; };
		43EB9CD9154381F70040C04E /* PostViewController.xib */ = {isa = PBXFileReference; fileEncoding = 4; lastKnownFileType = file.xib; path = PostViewController.xib; sourceTree = "<group>"; };
		43EB9CF015438FEE0040C04E /* ASIAuthenticationDialog.h */ = {isa = PBXFileReference; fileEncoding = 4; lastKnownFileType = sourcecode.c.h; path = ASIAuthenticationDialog.h; sourceTree = "<group>"; };
		43EB9CF115438FEE0040C04E /* ASIAuthenticationDialog.m */ = {isa = PBXFileReference; fileEncoding = 4; lastKnownFileType = sourcecode.c.objc; path = ASIAuthenticationDialog.m; sourceTree = "<group>"; };
		43EB9CF215438FEE0040C04E /* ASICacheDelegate.h */ = {isa = PBXFileReference; fileEncoding = 4; lastKnownFileType = sourcecode.c.h; path = ASICacheDelegate.h; sourceTree = "<group>"; };
		43EB9CF315438FEE0040C04E /* ASIDataCompressor.h */ = {isa = PBXFileReference; fileEncoding = 4; lastKnownFileType = sourcecode.c.h; path = ASIDataCompressor.h; sourceTree = "<group>"; };
		43EB9CF415438FEE0040C04E /* ASIDataCompressor.m */ = {isa = PBXFileReference; fileEncoding = 4; lastKnownFileType = sourcecode.c.objc; path = ASIDataCompressor.m; sourceTree = "<group>"; };
		43EB9CF515438FEE0040C04E /* ASIDataDecompressor.h */ = {isa = PBXFileReference; fileEncoding = 4; lastKnownFileType = sourcecode.c.h; path = ASIDataDecompressor.h; sourceTree = "<group>"; };
		43EB9CF615438FEE0040C04E /* ASIDataDecompressor.m */ = {isa = PBXFileReference; fileEncoding = 4; lastKnownFileType = sourcecode.c.objc; path = ASIDataDecompressor.m; sourceTree = "<group>"; };
		43EB9CF715438FEE0040C04E /* ASIDownloadCache.h */ = {isa = PBXFileReference; fileEncoding = 4; lastKnownFileType = sourcecode.c.h; path = ASIDownloadCache.h; sourceTree = "<group>"; };
		43EB9CF815438FEE0040C04E /* ASIDownloadCache.m */ = {isa = PBXFileReference; fileEncoding = 4; lastKnownFileType = sourcecode.c.objc; path = ASIDownloadCache.m; sourceTree = "<group>"; };
		43EB9CF915438FEE0040C04E /* ASIFormDataRequest.h */ = {isa = PBXFileReference; fileEncoding = 4; lastKnownFileType = sourcecode.c.h; path = ASIFormDataRequest.h; sourceTree = "<group>"; };
		43EB9CFA15438FEE0040C04E /* ASIFormDataRequest.m */ = {isa = PBXFileReference; fileEncoding = 4; lastKnownFileType = sourcecode.c.objc; path = ASIFormDataRequest.m; sourceTree = "<group>"; };
		43EB9CFB15438FEE0040C04E /* ASIHTTPRequest.h */ = {isa = PBXFileReference; fileEncoding = 4; lastKnownFileType = sourcecode.c.h; path = ASIHTTPRequest.h; sourceTree = "<group>"; };
		43EB9CFC15438FEE0040C04E /* ASIHTTPRequest.m */ = {isa = PBXFileReference; fileEncoding = 4; lastKnownFileType = sourcecode.c.objc; path = ASIHTTPRequest.m; sourceTree = "<group>"; };
		43EB9CFD15438FEE0040C04E /* ASIHTTPRequestConfig.h */ = {isa = PBXFileReference; fileEncoding = 4; lastKnownFileType = sourcecode.c.h; path = ASIHTTPRequestConfig.h; sourceTree = "<group>"; };
		43EB9CFE15438FEE0040C04E /* ASIHTTPRequestDelegate.h */ = {isa = PBXFileReference; fileEncoding = 4; lastKnownFileType = sourcecode.c.h; path = ASIHTTPRequestDelegate.h; sourceTree = "<group>"; };
		43EB9CFF15438FEE0040C04E /* ASIInputStream.h */ = {isa = PBXFileReference; fileEncoding = 4; lastKnownFileType = sourcecode.c.h; path = ASIInputStream.h; sourceTree = "<group>"; };
		43EB9D0015438FEE0040C04E /* ASIInputStream.m */ = {isa = PBXFileReference; fileEncoding = 4; lastKnownFileType = sourcecode.c.objc; path = ASIInputStream.m; sourceTree = "<group>"; };
		43EB9D0115438FEE0040C04E /* ASINetworkQueue.h */ = {isa = PBXFileReference; fileEncoding = 4; lastKnownFileType = sourcecode.c.h; path = ASINetworkQueue.h; sourceTree = "<group>"; };
		43EB9D0215438FEE0040C04E /* ASINetworkQueue.m */ = {isa = PBXFileReference; fileEncoding = 4; lastKnownFileType = sourcecode.c.objc; path = ASINetworkQueue.m; sourceTree = "<group>"; };
		43EB9D0315438FEE0040C04E /* ASIProgressDelegate.h */ = {isa = PBXFileReference; fileEncoding = 4; lastKnownFileType = sourcecode.c.h; path = ASIProgressDelegate.h; sourceTree = "<group>"; };
		43EB9D1715438FEE0040C04E /* ASIOARequest.h */ = {isa = PBXFileReference; fileEncoding = 4; lastKnownFileType = sourcecode.c.h; path = ASIOARequest.h; sourceTree = "<group>"; };
		43EB9D1815438FEE0040C04E /* ASIOARequest.m */ = {isa = PBXFileReference; fileEncoding = 4; lastKnownFileType = sourcecode.c.objc; path = ASIOARequest.m; sourceTree = "<group>"; };
		43EB9D1915438FEE0040C04E /* ASIOAuthParameter.h */ = {isa = PBXFileReference; fileEncoding = 4; lastKnownFileType = sourcecode.c.h; path = ASIOAuthParameter.h; sourceTree = "<group>"; };
		43EB9D1A15438FEE0040C04E /* ASIOAuthParameter.m */ = {isa = PBXFileReference; fileEncoding = 4; lastKnownFileType = sourcecode.c.objc; path = ASIOAuthParameter.m; sourceTree = "<group>"; };
		43EB9D4915438FEE0040C04E /* README-GHUnit */ = {isa = PBXFileReference; fileEncoding = 4; lastKnownFileType = text; path = "README-GHUnit"; sourceTree = "<group>"; };
		43EB9D4B15438FEE0040C04E /* Reachability.h */ = {isa = PBXFileReference; fileEncoding = 4; lastKnownFileType = sourcecode.c.h; path = Reachability.h; sourceTree = "<group>"; };
		43EB9D4C15438FEE0040C04E /* Reachability.m */ = {isa = PBXFileReference; fileEncoding = 4; lastKnownFileType = sourcecode.c.objc; path = Reachability.m; sourceTree = "<group>"; };
		43EB9D7B154390A30040C04E /* libxml2.dylib */ = {isa = PBXFileReference; lastKnownFileType = "compiled.mach-o.dylib"; name = libxml2.dylib; path = usr/lib/libxml2.dylib; sourceTree = SDKROOT; };
		43EB9D81154399DE0040C04E /* QuartzCore.framework */ = {isa = PBXFileReference; lastKnownFileType = wrapper.framework; name = QuartzCore.framework; path = System/Library/Frameworks/QuartzCore.framework; sourceTree = SDKROOT; };
		43EB9D8715439B900040C04E /* WebViewController.h */ = {isa = PBXFileReference; fileEncoding = 4; lastKnownFileType = sourcecode.c.h; path = WebViewController.h; sourceTree = "<group>"; };
		43EB9D8815439B900040C04E /* WebViewController.m */ = {isa = PBXFileReference; fileEncoding = 4; lastKnownFileType = sourcecode.c.objc; path = WebViewController.m; sourceTree = "<group>"; };
		43EB9D8915439B900040C04E /* WebViewController.xib */ = {isa = PBXFileReference; fileEncoding = 4; lastKnownFileType = file.xib; path = WebViewController.xib; sourceTree = "<group>"; };
		813E1AEF1545AAD10004FBB5 /* EllipseTool.h */ = {isa = PBXFileReference; fileEncoding = 4; lastKnownFileType = sourcecode.c.h; path = EllipseTool.h; sourceTree = "<group>"; };
		813E1AF01545AAD10004FBB5 /* EllipseTool.m */ = {isa = PBXFileReference; fileEncoding = 4; lastKnownFileType = sourcecode.c.objc; path = EllipseTool.m; sourceTree = "<group>"; };
		813E1AF11545AAD10004FBB5 /* LinePixelTool.h */ = {isa = PBXFileReference; fileEncoding = 4; lastKnownFileType = sourcecode.c.h; path = LinePixelTool.h; sourceTree = "<group>"; };
		813E1AF21545AAD10004FBB5 /* LinePixelTool.m */ = {isa = PBXFileReference; fileEncoding = 4; lastKnownFileType = sourcecode.c.objc; path = LinePixelTool.m; sourceTree = "<group>"; };
		813E1AF31545AAD10004FBB5 /* PaintBucketPixelTool.h */ = {isa = PBXFileReference; fileEncoding = 4; lastKnownFileType = sourcecode.c.h; path = PaintBucketPixelTool.h; sourceTree = "<group>"; };
		813E1AF41545AAD10004FBB5 /* PaintBucketPixelTool.m */ = {isa = PBXFileReference; fileEncoding = 4; lastKnownFileType = sourcecode.c.objc; path = PaintBucketPixelTool.m; sourceTree = "<group>"; };
		813E1AF51545AAD10004FBB5 /* PenPixelTool.h */ = {isa = PBXFileReference; fileEncoding = 4; lastKnownFileType = sourcecode.c.h; path = PenPixelTool.h; sourceTree = "<group>"; };
		813E1AF61545AAD10004FBB5 /* PenPixelTool.m */ = {isa = PBXFileReference; fileEncoding = 4; lastKnownFileType = sourcecode.c.objc; path = PenPixelTool.m; sourceTree = "<group>"; };
		813E1AF71545AAD10004FBB5 /* PixelTool.h */ = {isa = PBXFileReference; fileEncoding = 4; lastKnownFileType = sourcecode.c.h; path = PixelTool.h; sourceTree = "<group>"; };
		813E1AF81545AAD10004FBB5 /* PixelTool.m */ = {isa = PBXFileReference; fileEncoding = 4; lastKnownFileType = sourcecode.c.objc; path = PixelTool.m; sourceTree = "<group>"; };
		813E1AF91545AAD10004FBB5 /* ShapeTool.h */ = {isa = PBXFileReference; fileEncoding = 4; lastKnownFileType = sourcecode.c.h; path = ShapeTool.h; sourceTree = "<group>"; };
		813E1AFA1545AAD10004FBB5 /* ShapeTool.m */ = {isa = PBXFileReference; fileEncoding = 4; lastKnownFileType = sourcecode.c.objc; path = ShapeTool.m; sourceTree = "<group>"; };
		81F6E6E815460EAD00E468CA /* Facebook.h */ = {isa = PBXFileReference; fileEncoding = 4; lastKnownFileType = sourcecode.c.h; path = Facebook.h; sourceTree = "<group>"; };
		81F6E6E915460EAD00E468CA /* Facebook.m */ = {isa = PBXFileReference; fileEncoding = 4; lastKnownFileType = sourcecode.c.objc; path = Facebook.m; sourceTree = "<group>"; };
		81F6E6EA15460EAD00E468CA /* facebook_ios_sdk_Prefix.pch */ = {isa = PBXFileReference; fileEncoding = 4; lastKnownFileType = sourcecode.c.h; path = facebook_ios_sdk_Prefix.pch; sourceTree = "<group>"; };
		81F6E6EB15460EAD00E468CA /* FBConnect.h */ = {isa = PBXFileReference; fileEncoding = 4; lastKnownFileType = sourcecode.c.h; path = FBConnect.h; sourceTree = "<group>"; };
		81F6E6EC15460EAD00E468CA /* FBDialog.bundle */ = {isa = PBXFileReference; lastKnownFileType = "wrapper.plug-in"; path = FBDialog.bundle; sourceTree = "<group>"; };
		81F6E6ED15460EAD00E468CA /* FBDialog.h */ = {isa = PBXFileReference; fileEncoding = 4; lastKnownFileType = sourcecode.c.h; path = FBDialog.h; sourceTree = "<group>"; };
		81F6E6EE15460EAD00E468CA /* FBDialog.m */ = {isa = PBXFileReference; fileEncoding = 4; lastKnownFileType = sourcecode.c.objc; path = FBDialog.m; sourceTree = "<group>"; };
		81F6E6EF15460EAD00E468CA /* FBFrictionlessRequestSettings.h */ = {isa = PBXFileReference; fileEncoding = 4; lastKnownFileType = sourcecode.c.h; path = FBFrictionlessRequestSettings.h; sourceTree = "<group>"; };
		81F6E6F015460EAD00E468CA /* FBFrictionlessRequestSettings.m */ = {isa = PBXFileReference; fileEncoding = 4; lastKnownFileType = sourcecode.c.objc; path = FBFrictionlessRequestSettings.m; sourceTree = "<group>"; };
		81F6E6F115460EAD00E468CA /* FBLoginDialog.h */ = {isa = PBXFileReference; fileEncoding = 4; lastKnownFileType = sourcecode.c.h; path = FBLoginDialog.h; sourceTree = "<group>"; };
		81F6E6F215460EAD00E468CA /* FBLoginDialog.m */ = {isa = PBXFileReference; fileEncoding = 4; lastKnownFileType = sourcecode.c.objc; path = FBLoginDialog.m; sourceTree = "<group>"; };
		81F6E6F315460EAD00E468CA /* FBRequest.h */ = {isa = PBXFileReference; fileEncoding = 4; lastKnownFileType = sourcecode.c.h; path = FBRequest.h; sourceTree = "<group>"; };
		81F6E6F415460EAD00E468CA /* FBRequest.m */ = {isa = PBXFileReference; fileEncoding = 4; lastKnownFileType = sourcecode.c.objc; path = FBRequest.m; sourceTree = "<group>"; };
		81F6E6F615460EAD00E468CA /* JSON.h */ = {isa = PBXFileReference; fileEncoding = 4; lastKnownFileType = sourcecode.c.h; path = JSON.h; sourceTree = "<group>"; };
		81F6E6F715460EAD00E468CA /* NSObject+SBJSON.h */ = {isa = PBXFileReference; fileEncoding = 4; lastKnownFileType = sourcecode.c.h; path = "NSObject+SBJSON.h"; sourceTree = "<group>"; };
		81F6E6F815460EAD00E468CA /* NSObject+SBJSON.m */ = {isa = PBXFileReference; fileEncoding = 4; lastKnownFileType = sourcecode.c.objc; path = "NSObject+SBJSON.m"; sourceTree = "<group>"; };
		81F6E6F915460EAD00E468CA /* NSString+SBJSON.h */ = {isa = PBXFileReference; fileEncoding = 4; lastKnownFileType = sourcecode.c.h; path = "NSString+SBJSON.h"; sourceTree = "<group>"; };
		81F6E6FA15460EAD00E468CA /* NSString+SBJSON.m */ = {isa = PBXFileReference; fileEncoding = 4; lastKnownFileType = sourcecode.c.objc; path = "NSString+SBJSON.m"; sourceTree = "<group>"; };
		81F6E6FB15460EAD00E468CA /* SBJSON.h */ = {isa = PBXFileReference; fileEncoding = 4; lastKnownFileType = sourcecode.c.h; path = SBJSON.h; sourceTree = "<group>"; };
		81F6E6FC15460EAD00E468CA /* SBJSON.m */ = {isa = PBXFileReference; fileEncoding = 4; lastKnownFileType = sourcecode.c.objc; path = SBJSON.m; sourceTree = "<group>"; };
		81F6E6FD15460EAD00E468CA /* SBJsonBase.h */ = {isa = PBXFileReference; fileEncoding = 4; lastKnownFileType = sourcecode.c.h; path = SBJsonBase.h; sourceTree = "<group>"; };
		81F6E6FE15460EAD00E468CA /* SBJsonBase.m */ = {isa = PBXFileReference; fileEncoding = 4; lastKnownFileType = sourcecode.c.objc; path = SBJsonBase.m; sourceTree = "<group>"; };
		81F6E6FF15460EAD00E468CA /* SBJsonParser.h */ = {isa = PBXFileReference; fileEncoding = 4; lastKnownFileType = sourcecode.c.h; path = SBJsonParser.h; sourceTree = "<group>"; };
		81F6E70015460EAD00E468CA /* SBJsonParser.m */ = {isa = PBXFileReference; fileEncoding = 4; lastKnownFileType = sourcecode.c.objc; path = SBJsonParser.m; sourceTree = "<group>"; };
		81F6E70115460EAD00E468CA /* SBJsonWriter.h */ = {isa = PBXFileReference; fileEncoding = 4; lastKnownFileType = sourcecode.c.h; path = SBJsonWriter.h; sourceTree = "<group>"; };
		81F6E70215460EAD00E468CA /* SBJsonWriter.m */ = {isa = PBXFileReference; fileEncoding = 4; lastKnownFileType = sourcecode.c.objc; path = SBJsonWriter.m; sourceTree = "<group>"; };
		81F6E70F15460ECD00E468CA /* FacebookManager.h */ = {isa = PBXFileReference; lastKnownFileType = sourcecode.c.h; path = FacebookManager.h; sourceTree = "<group>"; };
		81F6E71015460ECD00E468CA /* FacebookManager.m */ = {isa = PBXFileReference; lastKnownFileType = sourcecode.c.objc; path = FacebookManager.m; sourceTree = "<group>"; };
/* End PBXFileReference section */

/* Begin PBXFrameworksBuildPhase section */
		4382790915429010002E0A53 /* Frameworks */ = {
			isa = PBXFrameworksBuildPhase;
			buildActionMask = 2147483647;
			files = (
				437DB9E8155E4C7B00ADF727 /* ImageIO.framework in Frameworks */,
				43EB9D82154399DE0040C04E /* QuartzCore.framework in Frameworks */,
				43EB9CD615437FB10040C04E /* libz.dylib in Frameworks */,
				43EB9CD415437FAB0040C04E /* SystemConfiguration.framework in Frameworks */,
				43EB9CD215437F9C0040C04E /* CFNetwork.framework in Frameworks */,
				43EB9CD015437F980040C04E /* MobileCoreServices.framework in Frameworks */,
				4382791115429010002E0A53 /* UIKit.framework in Frameworks */,
				4382791315429010002E0A53 /* Foundation.framework in Frameworks */,
				4382791515429010002E0A53 /* CoreGraphics.framework in Frameworks */,
			);
			runOnlyForDeploymentPostprocessing = 0;
		};
/* End PBXFrameworksBuildPhase section */

/* Begin PBXGroup section */
		4382790115429010002E0A53 = {
			isa = PBXGroup;
			children = (
				4382791615429010002E0A53 /* 46px */,
				4382790F15429010002E0A53 /* Frameworks */,
				4382790D15429010002E0A53 /* Products */,
			);
			sourceTree = "<group>";
		};
		4382790D15429010002E0A53 /* Products */ = {
			isa = PBXGroup;
			children = (
				4382790C15429010002E0A53 /* 46px.app */,
			);
			name = Products;
			sourceTree = "<group>";
		};
		4382790F15429010002E0A53 /* Frameworks */ = {
			isa = PBXGroup;
			children = (
				437DB9E7155E4C7B00ADF727 /* ImageIO.framework */,
				43EB9D81154399DE0040C04E /* QuartzCore.framework */,
				43EB9D7B154390A30040C04E /* libxml2.dylib */,
				43EB9CD515437FB10040C04E /* libz.dylib */,
				43EB9CD315437FAB0040C04E /* SystemConfiguration.framework */,
				43EB9CD115437F9C0040C04E /* CFNetwork.framework */,
				43EB9CCF15437F980040C04E /* MobileCoreServices.framework */,
				4382791015429010002E0A53 /* UIKit.framework */,
				4382791215429010002E0A53 /* Foundation.framework */,
				4382791415429010002E0A53 /* CoreGraphics.framework */,
			);
			name = Frameworks;
			sourceTree = "<group>";
		};
		4382791615429010002E0A53 /* 46px */ = {
			isa = PBXGroup;
			children = (
				4382791F15429010002E0A53 /* AppDelegate.h */,
				4382792015429010002E0A53 /* AppDelegate.m */,
				4318A04F1543329C0004540E /* APIConnector.h */,
				4318A0501543329C0004540E /* APIConnector.m */,
				43EB9D8715439B900040C04E /* WebViewController.h */,
				43EB9D8815439B900040C04E /* WebViewController.m */,
				43EB9D8915439B900040C04E /* WebViewController.xib */,
				43C32CFA15446200006E6895 /* OrangeButton.h */,
				43C32CFB15446200006E6895 /* OrangeButton.m */,
				4382792215429010002E0A53 /* ViewController.h */,
				4382792315429010002E0A53 /* ViewController.m */,
				4382792515429010002E0A53 /* ViewController.xib */,
				43A3A68217BA95C90078D3EA /* DrawingCollectionViewCell.h */,
				43A3A68317BA95C90078D3EA /* DrawingCollectionViewCell.m */,
				43EB9CD7154381F70040C04E /* PostViewController.h */,
				43EB9CD8154381F70040C04E /* PostViewController.m */,
				43EB9CD9154381F70040C04E /* PostViewController.xib */,
				4382793A154295AB002E0A53 /* PixelEditorViewController.h */,
				4382793B154295AB002E0A53 /* PixelEditorViewController.m */,
				4382793C154295AB002E0A53 /* PixelEditorViewController.xib */,
				4318A049154322C00004540E /* ColorGridView.h */,
				4318A04A154322C00004540E /* ColorGridView.m */,
				4382793F154296CA002E0A53 /* PixelCanvasView.h */,
				43827940154296CA002E0A53 /* PixelCanvasView.m */,
				813E1AED1545AAD00004FBB5 /* Drawing */,
				813E1A9D154373010004FBB5 /* Facebook */,
				43EB9CEE15438FEE0040C04E /* ASI */,
				43827951154312E0002E0A53 /* Resources */,
				4382791715429010002E0A53 /* Supporting Files */,
			);
			path = 46px;
			sourceTree = "<group>";
		};
		4382791715429010002E0A53 /* Supporting Files */ = {
			isa = PBXGroup;
			children = (
				4382791815429010002E0A53 /* 46px-Info.plist */,
				4382791915429010002E0A53 /* InfoPlist.strings */,
				4382791C15429010002E0A53 /* main.m */,
				4382791E15429010002E0A53 /* 46px-Prefix.pch */,
			);
			name = "Supporting Files";
			sourceTree = "<group>";
		};
		43827951154312E0002E0A53 /* Resources */ = {
			isa = PBXGroup;
			children = (
				43A3A68017BA8F990078D3EA /* header@2x.png */,
				43A3A6E517BAB8A40078D3EA /* anonymous.png */,
				43A3A6E917BAD2F60078D3EA /* shadow_border.png */,
				43A3A6E617BAB8A40078D3EA /* anonymous@2x.png */,
				43C32D1F15447AFD006E6895 /* icon144.png */,
				43C32D1D15447AFA006E6895 /* icon72.png */,
				43A3A68D17BAB6CC0078D3EA /* background_landscape.png */,
				43A3A68E17BAB6CC0078D3EA /* background_landscape@2x.png */,
				43A3A68F17BAB6CC0078D3EA /* background_portrait.png */,
				43A3A69017BAB6CC0078D3EA /* background_portrait@2x.png */,
				43A3A69117BAB6CC0078D3EA /* background.png */,
				43A3A69217BAB6CC0078D3EA /* background@2x.png */,
				43A3A69317BAB6CC0078D3EA /* button_background_down.png */,
				43A3A69417BAB6CC0078D3EA /* button_background_down+highlighted.png */,
				43A3A69517BAB6CC0078D3EA /* button_background_highlighted.png */,
				43A3A69617BAB6CC0078D3EA /* button_background.png */,
				43A3A69717BAB6CD0078D3EA /* drawing_background_portrait.png */,
				43A3A69817BAB6CD0078D3EA /* drawing_background_portrait@2x.png */,
				43A3A69917BAB6CD0078D3EA /* drawing_background.png */,
				43A3A69A17BAB6CD0078D3EA /* drawing_background@2x.png */,
				43A3A69B17BAB6CD0078D3EA /* header@2x.png */,
				43A3A69C17BAB6CE0078D3EA /* home_gallery_background.png */,
				43A3A69D17BAB6CE0078D3EA /* home_sidebar_background_landscape.png */,
				43A3A69E17BAB6CE0078D3EA /* home_sidebar_background_landscape@2x.png */,
				43A3A69F17BAB6CF0078D3EA /* home_sidebar_background_portrait.png */,
				43A3A6A017BAB6CF0078D3EA /* home_sidebar_background_portrait@2x.png */,
				43A3A6A117BAB6CF0078D3EA /* icon_comments.png */,
				43A3A6A217BAB6CF0078D3EA /* icon_comments@2x.png */,
				43A3A6A317BAB6D00078D3EA /* icon_draw.png */,
				43A3A6A417BAB6D00078D3EA /* icon_draw@2x.png */,
				43A3A6A517BAB6D00078D3EA /* icon_flip_x.png */,
				43A3A6A617BAB6D10078D3EA /* icon_flip_x@2x.png */,
				43A3A6A717BAB6D10078D3EA /* icon_flip_y.png */,
				43A3A6A817BAB6D20078D3EA /* icon_flip_y@2x.png */,
				43A3A6A917BAB6D20078D3EA /* icon_like.png */,
				43A3A6AA17BAB6D20078D3EA /* icon_like@2x.png */,
				43A3A6AB17BAB6D30078D3EA /* icon_redo.png */,
				43A3A6AC17BAB6D30078D3EA /* icon_redo@2x.png */,
				43A3A6AD17BAB6D40078D3EA /* icon_undo.png */,
				43A3A6AE17BAB6D40078D3EA /* icon_undo@2x.png */,
				43A3A6AF17BAB6D50078D3EA /* missing.png */,
				43A3A6B017BAB6D60078D3EA /* missing@2x.png */,
				43A3A6B117BAB6D70078D3EA /* post_background.png */,
				43A3A6B217BAB6D70078D3EA /* post_background@2x.png */,
				43A3A6B317BAB6D80078D3EA /* screenshot.png */,
				43A3A6B417BAB6D80078D3EA /* tool-default.png */,
				43A3A6B517BAB6D90078D3EA /* tool-ellipse.png */,
				43A3A6B617BAB6DA0078D3EA /* tool-line.png */,
				43A3A6B717BAB6DA0078D3EA /* tool-paintbucket.png */,
				43A3A6B817BAB6DB0078D3EA /* tool-rect.png */,
				43A3A6EB17BADBF00078D3EA /* export_watermark.png */,
			);
			path = Resources;
			sourceTree = "<group>";
		};
		43EB9CEE15438FEE0040C04E /* ASI */ = {
			isa = PBXGroup;
			children = (
				43EB9CEF15438FEE0040C04E /* Classes */,
				43EB9D4715438FEE0040C04E /* External */,
			);
			path = ASI;
			sourceTree = "<group>";
		};
		43EB9CEF15438FEE0040C04E /* Classes */ = {
			isa = PBXGroup;
			children = (
				43EB9CF015438FEE0040C04E /* ASIAuthenticationDialog.h */,
				43EB9CF115438FEE0040C04E /* ASIAuthenticationDialog.m */,
				43EB9CF215438FEE0040C04E /* ASICacheDelegate.h */,
				43EB9CF315438FEE0040C04E /* ASIDataCompressor.h */,
				43EB9CF415438FEE0040C04E /* ASIDataCompressor.m */,
				43EB9CF515438FEE0040C04E /* ASIDataDecompressor.h */,
				43EB9CF615438FEE0040C04E /* ASIDataDecompressor.m */,
				43EB9CF715438FEE0040C04E /* ASIDownloadCache.h */,
				43EB9CF815438FEE0040C04E /* ASIDownloadCache.m */,
				43EB9CF915438FEE0040C04E /* ASIFormDataRequest.h */,
				43EB9CFA15438FEE0040C04E /* ASIFormDataRequest.m */,
				43EB9CFB15438FEE0040C04E /* ASIHTTPRequest.h */,
				43EB9CFC15438FEE0040C04E /* ASIHTTPRequest.m */,
				43EB9CFD15438FEE0040C04E /* ASIHTTPRequestConfig.h */,
				43EB9CFE15438FEE0040C04E /* ASIHTTPRequestDelegate.h */,
				43EB9CFF15438FEE0040C04E /* ASIInputStream.h */,
				43EB9D0015438FEE0040C04E /* ASIInputStream.m */,
				43EB9D0115438FEE0040C04E /* ASINetworkQueue.h */,
				43EB9D0215438FEE0040C04E /* ASINetworkQueue.m */,
				43EB9D0315438FEE0040C04E /* ASIProgressDelegate.h */,
				43EB9D1615438FEE0040C04E /* OAuth */,
			);
			path = Classes;
			sourceTree = "<group>";
		};
		43EB9D1615438FEE0040C04E /* OAuth */ = {
			isa = PBXGroup;
			children = (
				43EB9D1715438FEE0040C04E /* ASIOARequest.h */,
				43EB9D1815438FEE0040C04E /* ASIOARequest.m */,
				43EB9D1915438FEE0040C04E /* ASIOAuthParameter.h */,
				43EB9D1A15438FEE0040C04E /* ASIOAuthParameter.m */,
			);
			path = OAuth;
			sourceTree = "<group>";
		};
		43EB9D4715438FEE0040C04E /* External */ = {
			isa = PBXGroup;
			children = (
				43EB9D4815438FEE0040C04E /* GHUnit */,
				43EB9D4A15438FEE0040C04E /* Reachability */,
			);
			path = External;
			sourceTree = "<group>";
		};
		43EB9D4815438FEE0040C04E /* GHUnit */ = {
			isa = PBXGroup;
			children = (
				43EB9D4915438FEE0040C04E /* README-GHUnit */,
			);
			path = GHUnit;
			sourceTree = "<group>";
		};
		43EB9D4A15438FEE0040C04E /* Reachability */ = {
			isa = PBXGroup;
			children = (
				43EB9D4B15438FEE0040C04E /* Reachability.h */,
				43EB9D4C15438FEE0040C04E /* Reachability.m */,
			);
			path = Reachability;
			sourceTree = "<group>";
		};
		813E1A9D154373010004FBB5 /* Facebook */ = {
			isa = PBXGroup;
			children = (
				81F6E70F15460ECD00E468CA /* FacebookManager.h */,
				81F6E71015460ECD00E468CA /* FacebookManager.m */,
				81F6E6E715460EAD00E468CA /* SDK */,
			);
			path = Facebook;
			sourceTree = "<group>";
		};
		813E1AED1545AAD00004FBB5 /* Drawing */ = {
			isa = PBXGroup;
			children = (
				4382794815429701002E0A53 /* PixelEditOperation.h */,
				4382794915429701002E0A53 /* PixelEditOperation.m */,
				43827942154296D6002E0A53 /* PixelDrawing.h */,
				43827943154296D6002E0A53 /* PixelDrawing.m */,
				4382794D15429CFC002E0A53 /* CGHelpers.h */,
				4382794B15429CF4002E0A53 /* CGHelpers.m */,
				813E1AEE1545AAD10004FBB5 /* Tools */,
			);
			path = Drawing;
			sourceTree = "<group>";
		};
		813E1AEE1545AAD10004FBB5 /* Tools */ = {
			isa = PBXGroup;
			children = (
				813E1AF71545AAD10004FBB5 /* PixelTool.h */,
				813E1AF81545AAD10004FBB5 /* PixelTool.m */,
				813E1AF91545AAD10004FBB5 /* ShapeTool.h */,
				813E1AFA1545AAD10004FBB5 /* ShapeTool.m */,
				437DB9DD155DBAF800ADF727 /* RectTool.h */,
				437DB9DE155DBAF800ADF727 /* RectTool.m */,
				813E1AEF1545AAD10004FBB5 /* EllipseTool.h */,
				813E1AF01545AAD10004FBB5 /* EllipseTool.m */,
				813E1AF11545AAD10004FBB5 /* LinePixelTool.h */,
				813E1AF21545AAD10004FBB5 /* LinePixelTool.m */,
				813E1AF31545AAD10004FBB5 /* PaintBucketPixelTool.h */,
				813E1AF41545AAD10004FBB5 /* PaintBucketPixelTool.m */,
				813E1AF51545AAD10004FBB5 /* PenPixelTool.h */,
				813E1AF61545AAD10004FBB5 /* PenPixelTool.m */,
			);
			path = Tools;
			sourceTree = "<group>";
		};
		81F6E6E715460EAD00E468CA /* SDK */ = {
			isa = PBXGroup;
			children = (
				81F6E6E815460EAD00E468CA /* Facebook.h */,
				81F6E6E915460EAD00E468CA /* Facebook.m */,
				81F6E6EA15460EAD00E468CA /* facebook_ios_sdk_Prefix.pch */,
				81F6E6EB15460EAD00E468CA /* FBConnect.h */,
				81F6E6EC15460EAD00E468CA /* FBDialog.bundle */,
				81F6E6ED15460EAD00E468CA /* FBDialog.h */,
				81F6E6EE15460EAD00E468CA /* FBDialog.m */,
				81F6E6EF15460EAD00E468CA /* FBFrictionlessRequestSettings.h */,
				81F6E6F015460EAD00E468CA /* FBFrictionlessRequestSettings.m */,
				81F6E6F115460EAD00E468CA /* FBLoginDialog.h */,
				81F6E6F215460EAD00E468CA /* FBLoginDialog.m */,
				81F6E6F315460EAD00E468CA /* FBRequest.h */,
				81F6E6F415460EAD00E468CA /* FBRequest.m */,
				81F6E6F515460EAD00E468CA /* JSON */,
			);
			path = SDK;
			sourceTree = "<group>";
		};
		81F6E6F515460EAD00E468CA /* JSON */ = {
			isa = PBXGroup;
			children = (
				81F6E6F615460EAD00E468CA /* JSON.h */,
				81F6E6F715460EAD00E468CA /* NSObject+SBJSON.h */,
				81F6E6F815460EAD00E468CA /* NSObject+SBJSON.m */,
				81F6E6F915460EAD00E468CA /* NSString+SBJSON.h */,
				81F6E6FA15460EAD00E468CA /* NSString+SBJSON.m */,
				81F6E6FB15460EAD00E468CA /* SBJSON.h */,
				81F6E6FC15460EAD00E468CA /* SBJSON.m */,
				81F6E6FD15460EAD00E468CA /* SBJsonBase.h */,
				81F6E6FE15460EAD00E468CA /* SBJsonBase.m */,
				81F6E6FF15460EAD00E468CA /* SBJsonParser.h */,
				81F6E70015460EAD00E468CA /* SBJsonParser.m */,
				81F6E70115460EAD00E468CA /* SBJsonWriter.h */,
				81F6E70215460EAD00E468CA /* SBJsonWriter.m */,
			);
			path = JSON;
			sourceTree = "<group>";
		};
/* End PBXGroup section */

/* Begin PBXNativeTarget section */
		4382790B15429010002E0A53 /* 46px */ = {
			isa = PBXNativeTarget;
			buildConfigurationList = 4382792A15429010002E0A53 /* Build configuration list for PBXNativeTarget "46px" */;
			buildPhases = (
				4382790815429010002E0A53 /* Sources */,
				4382790915429010002E0A53 /* Frameworks */,
				4382790A15429010002E0A53 /* Resources */,
			);
			buildRules = (
			);
			dependencies = (
			);
			name = 46px;
			productName = 46px;
			productReference = 4382790C15429010002E0A53 /* 46px.app */;
			productType = "com.apple.product-type.application";
		};
/* End PBXNativeTarget section */

/* Begin PBXProject section */
		4382790315429010002E0A53 /* Project object */ = {
			isa = PBXProject;
			attributes = {
				LastUpgradeCheck = 0430;
			};
			buildConfigurationList = 4382790615429010002E0A53 /* Build configuration list for PBXProject "46px" */;
			compatibilityVersion = "Xcode 3.2";
			developmentRegion = English;
			hasScannedForEncodings = 0;
			knownRegions = (
				en,
			);
			mainGroup = 4382790115429010002E0A53;
			productRefGroup = 4382790D15429010002E0A53 /* Products */;
			projectDirPath = "";
			projectRoot = "";
			targets = (
				4382790B15429010002E0A53 /* 46px */,
			);
		};
/* End PBXProject section */

/* Begin PBXResourcesBuildPhase section */
		4382790A15429010002E0A53 /* Resources */ = {
			isa = PBXResourcesBuildPhase;
			buildActionMask = 2147483647;
			files = (
				4382791B15429010002E0A53 /* InfoPlist.strings in Resources */,
				4382792715429010002E0A53 /* ViewController.xib in Resources */,
				4382793E154295AB002E0A53 /* PixelEditorViewController.xib in Resources */,
				43EB9CDB154381F70040C04E /* PostViewController.xib in Resources */,
				43EB9D7415438FEE0040C04E /* README-GHUnit in Resources */,
				43EB9D8B15439B900040C04E /* WebViewController.xib in Resources */,
				43C32D1E15447AFB006E6895 /* icon72.png in Resources */,
				43C32D2015447AFD006E6895 /* icon144.png in Resources */,
				81F6E70415460EAD00E468CA /* FBDialog.bundle in Resources */,
				43A3A68117BA8F990078D3EA /* header@2x.png in Resources */,
				43A3A6B917BAB6DC0078D3EA /* background_landscape.png in Resources */,
				43A3A6BA17BAB6DC0078D3EA /* background_landscape@2x.png in Resources */,
				43A3A6BB17BAB6DC0078D3EA /* background_portrait.png in Resources */,
				43A3A6BC17BAB6DC0078D3EA /* background_portrait@2x.png in Resources */,
				43A3A6BD17BAB6DC0078D3EA /* background.png in Resources */,
				43A3A6BE17BAB6DC0078D3EA /* background@2x.png in Resources */,
				43A3A6BF17BAB6DC0078D3EA /* button_background_down.png in Resources */,
				43A3A6C017BAB6DC0078D3EA /* button_background_down+highlighted.png in Resources */,
				43A3A6C117BAB6DC0078D3EA /* button_background_highlighted.png in Resources */,
				43A3A6C217BAB6DC0078D3EA /* button_background.png in Resources */,
				43A3A6C317BAB6DC0078D3EA /* drawing_background_portrait.png in Resources */,
				43A3A6C417BAB6DC0078D3EA /* drawing_background_portrait@2x.png in Resources */,
				43A3A6C517BAB6DC0078D3EA /* drawing_background.png in Resources */,
				43A3A6C617BAB6DC0078D3EA /* drawing_background@2x.png in Resources */,
				43A3A6C717BAB6DC0078D3EA /* header@2x.png in Resources */,
				43A3A6C817BAB6DC0078D3EA /* home_gallery_background.png in Resources */,
				43A3A6C917BAB6DC0078D3EA /* home_sidebar_background_landscape.png in Resources */,
				43A3A6CA17BAB6DC0078D3EA /* home_sidebar_background_landscape@2x.png in Resources */,
				43A3A6CB17BAB6DC0078D3EA /* home_sidebar_background_portrait.png in Resources */,
				43A3A6CC17BAB6DC0078D3EA /* home_sidebar_background_portrait@2x.png in Resources */,
				43A3A6CD17BAB6DC0078D3EA /* icon_comments.png in Resources */,
				43A3A6CE17BAB6DC0078D3EA /* icon_comments@2x.png in Resources */,
				43A3A6CF17BAB6DC0078D3EA /* icon_draw.png in Resources */,
				43A3A6D017BAB6DC0078D3EA /* icon_draw@2x.png in Resources */,
				43A3A6D117BAB6DC0078D3EA /* icon_flip_x.png in Resources */,
				43A3A6D217BAB6DC0078D3EA /* icon_flip_x@2x.png in Resources */,
				43A3A6D317BAB6DC0078D3EA /* icon_flip_y.png in Resources */,
				43A3A6D417BAB6DC0078D3EA /* icon_flip_y@2x.png in Resources */,
				43A3A6D517BAB6DC0078D3EA /* icon_like.png in Resources */,
				43A3A6D617BAB6DC0078D3EA /* icon_like@2x.png in Resources */,
				43A3A6D717BAB6DC0078D3EA /* icon_redo.png in Resources */,
				43A3A6D817BAB6DC0078D3EA /* icon_redo@2x.png in Resources */,
				43A3A6D917BAB6DC0078D3EA /* icon_undo.png in Resources */,
				43A3A6DA17BAB6DC0078D3EA /* icon_undo@2x.png in Resources */,
				43A3A6DB17BAB6DC0078D3EA /* missing.png in Resources */,
				43A3A6DC17BAB6DC0078D3EA /* missing@2x.png in Resources */,
				43A3A6DD17BAB6DC0078D3EA /* post_background.png in Resources */,
				43A3A6DE17BAB6DC0078D3EA /* post_background@2x.png in Resources */,
				43A3A6DF17BAB6DC0078D3EA /* screenshot.png in Resources */,
				43A3A6E017BAB6DC0078D3EA /* tool-default.png in Resources */,
				43A3A6E117BAB6DC0078D3EA /* tool-ellipse.png in Resources */,
				43A3A6E217BAB6DC0078D3EA /* tool-line.png in Resources */,
				43A3A6E317BAB6DC0078D3EA /* tool-paintbucket.png in Resources */,
				43A3A6E417BAB6DC0078D3EA /* tool-rect.png in Resources */,
				43A3A6E717BAB8A40078D3EA /* anonymous.png in Resources */,
				43A3A6E817BAB8A40078D3EA /* anonymous@2x.png in Resources */,
				43A3A6EA17BAD2F60078D3EA /* shadow_border.png in Resources */,
				43A3A6EC17BADBF00078D3EA /* export_watermark.png in Resources */,
			);
			runOnlyForDeploymentPostprocessing = 0;
		};
/* End PBXResourcesBuildPhase section */

/* Begin PBXSourcesBuildPhase section */
		4382790815429010002E0A53 /* Sources */ = {
			isa = PBXSourcesBuildPhase;
			buildActionMask = 2147483647;
			files = (
				4382791D15429010002E0A53 /* main.m in Sources */,
				4382792115429010002E0A53 /* AppDelegate.m in Sources */,
				4382792415429010002E0A53 /* ViewController.m in Sources */,
				4382793D154295AB002E0A53 /* PixelEditorViewController.m in Sources */,
				43827941154296CA002E0A53 /* PixelCanvasView.m in Sources */,
				43827944154296D7002E0A53 /* PixelDrawing.m in Sources */,
				4382794A15429701002E0A53 /* PixelEditOperation.m in Sources */,
				4382794C15429CF4002E0A53 /* CGHelpers.m in Sources */,
				4318A04B154322C00004540E /* ColorGridView.m in Sources */,
				4318A0511543329C0004540E /* APIConnector.m in Sources */,
				43EB9CDA154381F70040C04E /* PostViewController.m in Sources */,
				43EB9D4D15438FEE0040C04E /* ASIAuthenticationDialog.m in Sources */,
				43EB9D4E15438FEE0040C04E /* ASIDataCompressor.m in Sources */,
				43EB9D4F15438FEE0040C04E /* ASIDataDecompressor.m in Sources */,
				43EB9D5015438FEE0040C04E /* ASIDownloadCache.m in Sources */,
				43EB9D5115438FEE0040C04E /* ASIFormDataRequest.m in Sources */,
				43EB9D5215438FEE0040C04E /* ASIHTTPRequest.m in Sources */,
				43EB9D5315438FEE0040C04E /* ASIInputStream.m in Sources */,
				43EB9D5415438FEE0040C04E /* ASINetworkQueue.m in Sources */,
				43EB9D5D15438FEE0040C04E /* ASIOARequest.m in Sources */,
				43EB9D5E15438FEE0040C04E /* ASIOAuthParameter.m in Sources */,
				43EB9D7515438FEE0040C04E /* Reachability.m in Sources */,
				43EB9D8A15439B900040C04E /* WebViewController.m in Sources */,
				43C32CFC15446200006E6895 /* OrangeButton.m in Sources */,
				813E1AFB1545AAD10004FBB5 /* EllipseTool.m in Sources */,
				813E1AFC1545AAD10004FBB5 /* LinePixelTool.m in Sources */,
				813E1AFD1545AAD10004FBB5 /* PaintBucketPixelTool.m in Sources */,
				813E1AFE1545AAD10004FBB5 /* PenPixelTool.m in Sources */,
				813E1AFF1545AAD10004FBB5 /* PixelTool.m in Sources */,
				813E1B001545AAD10004FBB5 /* ShapeTool.m in Sources */,
				81F6E70315460EAD00E468CA /* Facebook.m in Sources */,
				81F6E70515460EAD00E468CA /* FBDialog.m in Sources */,
				81F6E70615460EAD00E468CA /* FBFrictionlessRequestSettings.m in Sources */,
				81F6E70715460EAD00E468CA /* FBLoginDialog.m in Sources */,
				81F6E70815460EAD00E468CA /* FBRequest.m in Sources */,
				81F6E70915460EAD00E468CA /* NSObject+SBJSON.m in Sources */,
				81F6E70A15460EAD00E468CA /* NSString+SBJSON.m in Sources */,
				81F6E70B15460EAD00E468CA /* SBJSON.m in Sources */,
				81F6E70C15460EAD00E468CA /* SBJsonBase.m in Sources */,
				81F6E70D15460EAD00E468CA /* SBJsonParser.m in Sources */,
				81F6E70E15460EAD00E468CA /* SBJsonWriter.m in Sources */,
				810F68F8154623C700AB815D /* FacebookManager.m in Sources */,
				437DB9DF155DBAF800ADF727 /* RectTool.m in Sources */,
				43A3A68417BA95C90078D3EA /* DrawingCollectionViewCell.m in Sources */,
			);
			runOnlyForDeploymentPostprocessing = 0;
		};
/* End PBXSourcesBuildPhase section */

/* Begin PBXVariantGroup section */
		4382791915429010002E0A53 /* InfoPlist.strings */ = {
			isa = PBXVariantGroup;
			children = (
				4382791A15429010002E0A53 /* en */,
			);
			name = InfoPlist.strings;
			sourceTree = "<group>";
		};
		4382792515429010002E0A53 /* ViewController.xib */ = {
			isa = PBXVariantGroup;
			children = (
				4382792615429010002E0A53 /* en */,
			);
			name = ViewController.xib;
			sourceTree = "<group>";
		};
/* End PBXVariantGroup section */

/* Begin XCBuildConfiguration section */
		4382792815429010002E0A53 /* Debug */ = {
			isa = XCBuildConfiguration;
			buildSettings = {
				ALWAYS_SEARCH_USER_PATHS = NO;
				"CODE_SIGN_IDENTITY[sdk=iphoneos*]" = "iPhone Developer";
				COPY_PHASE_STRIP = NO;
				GCC_C_LANGUAGE_STANDARD = gnu99;
				GCC_DYNAMIC_NO_PIC = NO;
				GCC_OPTIMIZATION_LEVEL = 0;
				GCC_PREPROCESSOR_DEFINITIONS = (
					"DEBUG=1",
					"$(inherited)",
				);
				GCC_SYMBOLS_PRIVATE_EXTERN = NO;
				GCC_VERSION = com.apple.compilers.llvm.clang.1_0;
				GCC_WARN_ABOUT_RETURN_TYPE = YES;
				GCC_WARN_UNINITIALIZED_AUTOS = YES;
				GCC_WARN_UNUSED_VARIABLE = YES;
				IPHONEOS_DEPLOYMENT_TARGET = 5.0;
				SDKROOT = iphoneos;
				TARGETED_DEVICE_FAMILY = 2;
			};
			name = Debug;
		};
		4382792915429010002E0A53 /* Release */ = {
			isa = XCBuildConfiguration;
			buildSettings = {
				ALWAYS_SEARCH_USER_PATHS = NO;
				"CODE_SIGN_IDENTITY[sdk=iphoneos*]" = "iPhone Developer";
				COPY_PHASE_STRIP = YES;
				GCC_C_LANGUAGE_STANDARD = gnu99;
				GCC_VERSION = com.apple.compilers.llvm.clang.1_0;
				GCC_WARN_ABOUT_RETURN_TYPE = YES;
				GCC_WARN_UNINITIALIZED_AUTOS = YES;
				GCC_WARN_UNUSED_VARIABLE = YES;
				IPHONEOS_DEPLOYMENT_TARGET = 5.0;
				OTHER_CFLAGS = "-DNS_BLOCK_ASSERTIONS=1";
				SDKROOT = iphoneos;
				TARGETED_DEVICE_FAMILY = 2;
				VALIDATE_PRODUCT = YES;
			};
			name = Release;
		};
		4382792B15429010002E0A53 /* Debug */ = {
			isa = XCBuildConfiguration;
			buildSettings = {
				CLANG_ENABLE_OBJC_ARC = YES;
				GCC_PRECOMPILE_PREFIX_HEADER = YES;
				GCC_PREFIX_HEADER = "46px/46px-Prefix.pch";
				GCC_VERSION = "";
				INFOPLIST_FILE = "46px/46px-Info.plist";
				LIBRARY_SEARCH_PATHS = (
					"$(inherited)",
					"\"$(SRCROOT)/46px/Testflight\"",
				);
				PRODUCT_NAME = "$(TARGET_NAME)";
				WRAPPER_EXTENSION = app;
			};
			name = Debug;
		};
		4382792C15429010002E0A53 /* Release */ = {
			isa = XCBuildConfiguration;
			buildSettings = {
				CLANG_ENABLE_OBJC_ARC = YES;
				CODE_SIGN_IDENTITY = "iPhone Distribution";
				"CODE_SIGN_IDENTITY[sdk=iphoneos*]" = "iPhone Distribution";
				GCC_PRECOMPILE_PREFIX_HEADER = YES;
				GCC_PREFIX_HEADER = "46px/46px-Prefix.pch";
				GCC_VERSION = "";
				INFOPLIST_FILE = "46px/46px-Info.plist";
				LIBRARY_SEARCH_PATHS = (
					"$(inherited)",
					"\"$(SRCROOT)/46px/Testflight\"",
				);
				PRODUCT_NAME = "$(TARGET_NAME)";
				PROVISIONING_PROFILE = "";
				"PROVISIONING_PROFILE[sdk=iphoneos*]" = "";
				WRAPPER_EXTENSION = app;
			};
			name = Release;
		};
/* End XCBuildConfiguration section */

/* Begin XCConfigurationList section */
		4382790615429010002E0A53 /* Build configuration list for PBXProject "46px" */ = {
			isa = XCConfigurationList;
			buildConfigurations = (
				4382792815429010002E0A53 /* Debug */,
				4382792915429010002E0A53 /* Release */,
			);
			defaultConfigurationIsVisible = 0;
			defaultConfigurationName = Release;
		};
		4382792A15429010002E0A53 /* Build configuration list for PBXNativeTarget "46px" */ = {
			isa = XCConfigurationList;
			buildConfigurations = (
				4382792B15429010002E0A53 /* Debug */,
				4382792C15429010002E0A53 /* Release */,
			);
			defaultConfigurationIsVisible = 0;
			defaultConfigurationName = Release;
		};
/* End XCConfigurationList section */
	};
	rootObject = 4382790315429010002E0A53 /* Project object */;
}
